// !$*UTF8*$!
{
	archiveVersion = 1;
	classes = {
	};
	objectVersion = 46;
	objects = {

/* Begin PBXBuildFile section */
		0712ECBE1E537CA90026AF80 /* apples.png in Resources */ = {isa = PBXBuildFile; fileRef = 0712ECBD1E537CA90026AF80 /* apples.png */; };
		0712ECC01E537E0D0026AF80 /* 2.png in Resources */ = {isa = PBXBuildFile; fileRef = 0712ECBF1E537E0D0026AF80 /* 2.png */; };
		0712ECC21E537E150026AF80 /* 6.png in Resources */ = {isa = PBXBuildFile; fileRef = 0712ECC11E537E150026AF80 /* 6.png */; };
		0712ECC41E537E1C0026AF80 /* 7.png in Resources */ = {isa = PBXBuildFile; fileRef = 0712ECC31E537E1C0026AF80 /* 7.png */; };
		0734C0011E5718B100C1FC4B /* object1.png in Resources */ = {isa = PBXBuildFile; fileRef = 0734BFFC1E5718B100C1FC4B /* object1.png */; };
		0734C0021E5718B100C1FC4B /* object2.png in Resources */ = {isa = PBXBuildFile; fileRef = 0734BFFD1E5718B100C1FC4B /* object2.png */; };
		0734C0031E5718B100C1FC4B /* object3.png in Resources */ = {isa = PBXBuildFile; fileRef = 0734BFFE1E5718B100C1FC4B /* object3.png */; };
		0734C0041E5718B100C1FC4B /* object4.png in Resources */ = {isa = PBXBuildFile; fileRef = 0734BFFF1E5718B100C1FC4B /* object4.png */; };
		0734C0051E5718B100C1FC4B /* object5.png in Resources */ = {isa = PBXBuildFile; fileRef = 0734C0001E5718B100C1FC4B /* object5.png */; };
		0734C00B1E5718C300C1FC4B /* shadow1.png in Resources */ = {isa = PBXBuildFile; fileRef = 0734C0061E5718C300C1FC4B /* shadow1.png */; };
		0734C00C1E5718C300C1FC4B /* shadow2.png in Resources */ = {isa = PBXBuildFile; fileRef = 0734C0071E5718C300C1FC4B /* shadow2.png */; };
		0734C00D1E5718C300C1FC4B /* shadow3.png in Resources */ = {isa = PBXBuildFile; fileRef = 0734C0081E5718C300C1FC4B /* shadow3.png */; };
		0734C00E1E5718C300C1FC4B /* shadow4.png in Resources */ = {isa = PBXBuildFile; fileRef = 0734C0091E5718C300C1FC4B /* shadow4.png */; };
		0734C00F1E5718C300C1FC4B /* shadow5.png in Resources */ = {isa = PBXBuildFile; fileRef = 0734C00A1E5718C300C1FC4B /* shadow5.png */; };
		0734C0151E5718D300C1FC4B /* letter1.png in Resources */ = {isa = PBXBuildFile; fileRef = 0734C0101E5718D300C1FC4B /* letter1.png */; };
		0734C0161E5718D300C1FC4B /* letter2.png in Resources */ = {isa = PBXBuildFile; fileRef = 0734C0111E5718D300C1FC4B /* letter2.png */; };
		0734C0171E5718D300C1FC4B /* letter3.png in Resources */ = {isa = PBXBuildFile; fileRef = 0734C0121E5718D300C1FC4B /* letter3.png */; };
		0734C0181E5718D300C1FC4B /* letter4.png in Resources */ = {isa = PBXBuildFile; fileRef = 0734C0131E5718D300C1FC4B /* letter4.png */; };
		0734C0191E5718D300C1FC4B /* letter5.png in Resources */ = {isa = PBXBuildFile; fileRef = 0734C0141E5718D300C1FC4B /* letter5.png */; };
		0734C01E1E57211200C1FC4B /* EndGame.sks in Resources */ = {isa = PBXBuildFile; fileRef = 0734C01D1E57211200C1FC4B /* EndGame.sks */; };
		0734C0201E5721A700C1FC4B /* homeBtn.png in Resources */ = {isa = PBXBuildFile; fileRef = 0734C01F1E5721A700C1FC4B /* homeBtn.png */; };
		0734C0221E5721E100C1FC4B /* restartBtn.png in Resources */ = {isa = PBXBuildFile; fileRef = 0734C0211E5721E100C1FC4B /* restartBtn.png */; };
		0734C0241E57225900C1FC4B /* EndGame.swift in Sources */ = {isa = PBXBuildFile; fileRef = 0734C0231E57225800C1FC4B /* EndGame.swift */; };
		07C0B11C1E5785FD001C6733 /* Menu.sks in Resources */ = {isa = PBXBuildFile; fileRef = 07C0B11B1E5785FD001C6733 /* Menu.sks */; };
		07C0B11E1E57868B001C6733 /* Menu.swift in Sources */ = {isa = PBXBuildFile; fileRef = 07C0B11D1E57868B001C6733 /* Menu.swift */; };
		07C0B1231E579703001C6733 /* owl.png in Resources */ = {isa = PBXBuildFile; fileRef = 07C0B1221E579703001C6733 /* owl.png */; };
		07C66B441E54757D00E5A818 /* MatchingGame.swift in Sources */ = {isa = PBXBuildFile; fileRef = 07C66B431E54757D00E5A818 /* MatchingGame.swift */; };
		07C66B461E54758C00E5A818 /* MatchingGame.sks in Resources */ = {isa = PBXBuildFile; fileRef = 07C66B451E54758C00E5A818 /* MatchingGame.sks */; };
		07DEA58C1E539071007F4EEC /* CountingGame.sks in Resources */ = {isa = PBXBuildFile; fileRef = 07DEA58B1E539071007F4EEC /* CountingGame.sks */; };
		07DEA58E1E539115007F4EEC /* CountingGame.swift in Sources */ = {isa = PBXBuildFile; fileRef = 07DEA58D1E539115007F4EEC /* CountingGame.swift */; };
		07FF3F561E51E44C00625748 /* AppDelegate.swift in Sources */ = {isa = PBXBuildFile; fileRef = 07FF3F551E51E44C00625748 /* AppDelegate.swift */; };
		07FF3F581E51E44C00625748 /* GameScene.sks in Resources */ = {isa = PBXBuildFile; fileRef = 07FF3F571E51E44C00625748 /* GameScene.sks */; };
		07FF3F5A1E51E44C00625748 /* Actions.sks in Resources */ = {isa = PBXBuildFile; fileRef = 07FF3F591E51E44C00625748 /* Actions.sks */; };
		07FF3F5C1E51E44C00625748 /* Game.xcassets in Resources */ = {isa = PBXBuildFile; fileRef = 07FF3F5B1E51E44C00625748 /* Game.xcassets */; };
		07FF3F5E1E51E44C00625748 /* GameScene.swift in Sources */ = {isa = PBXBuildFile; fileRef = 07FF3F5D1E51E44C00625748 /* GameScene.swift */; };
		07FF3F601E51E44C00625748 /* GameViewController.swift in Sources */ = {isa = PBXBuildFile; fileRef = 07FF3F5F1E51E44C00625748 /* GameViewController.swift */; };
		07FF3F631E51E44C00625748 /* Main.storyboard in Resources */ = {isa = PBXBuildFile; fileRef = 07FF3F611E51E44C00625748 /* Main.storyboard */; };
		07FF3F651E51E44C00625748 /* Assets.xcassets in Resources */ = {isa = PBXBuildFile; fileRef = 07FF3F641E51E44C00625748 /* Assets.xcassets */; };
		07FF3F701E51E44C00625748 /* LousaDigitalTests.swift in Sources */ = {isa = PBXBuildFile; fileRef = 07FF3F6F1E51E44C00625748 /* LousaDigitalTests.swift */; };
		07FF3F7B1E51E44C00625748 /* LousaDigitalUITests.swift in Sources */ = {isa = PBXBuildFile; fileRef = 07FF3F7A1E51E44C00625748 /* LousaDigitalUITests.swift */; };
		07FF3F891E51E55500625748 /* Button.swift in Sources */ = {isa = PBXBuildFile; fileRef = 07FF3F881E51E55500625748 /* Button.swift */; };
		F10EF3F71E54D7EA0047EC7F /* MenuViewController.swift in Sources */ = {isa = PBXBuildFile; fileRef = F10EF3F61E54D7EA0047EC7F /* MenuViewController.swift */; };
		F1699B9F1E5486D60022208D /* MenuCollectionViewCell.swift in Sources */ = {isa = PBXBuildFile; fileRef = F1699B9D1E5486D60022208D /* MenuCollectionViewCell.swift */; };
		F1699BA01E5486D60022208D /* MenuRow.swift in Sources */ = {isa = PBXBuildFile; fileRef = F1699B9E1E5486D60022208D /* MenuRow.swift */; };
/* End PBXBuildFile section */

/* Begin PBXContainerItemProxy section */
		07FF3F6C1E51E44C00625748 /* PBXContainerItemProxy */ = {
			isa = PBXContainerItemProxy;
			containerPortal = 07FF3F4A1E51E44C00625748 /* Project object */;
			proxyType = 1;
			remoteGlobalIDString = 07FF3F511E51E44C00625748;
			remoteInfo = LousaDigital;
		};
		07FF3F771E51E44C00625748 /* PBXContainerItemProxy */ = {
			isa = PBXContainerItemProxy;
			containerPortal = 07FF3F4A1E51E44C00625748 /* Project object */;
			proxyType = 1;
			remoteGlobalIDString = 07FF3F511E51E44C00625748;
			remoteInfo = LousaDigital;
		};
/* End PBXContainerItemProxy section */

/* Begin PBXFileReference section */
		0712ECBD1E537CA90026AF80 /* apples.png */ = {isa = PBXFileReference; lastKnownFileType = image.png; path = apples.png; sourceTree = "<group>"; };
		0712ECBF1E537E0D0026AF80 /* 2.png */ = {isa = PBXFileReference; lastKnownFileType = image.png; path = 2.png; sourceTree = "<group>"; };
		0712ECC11E537E150026AF80 /* 6.png */ = {isa = PBXFileReference; lastKnownFileType = image.png; path = 6.png; sourceTree = "<group>"; };
		0712ECC31E537E1C0026AF80 /* 7.png */ = {isa = PBXFileReference; lastKnownFileType = image.png; path = 7.png; sourceTree = "<group>"; };
		0734BFFC1E5718B100C1FC4B /* object1.png */ = {isa = PBXFileReference; lastKnownFileType = image.png; path = object1.png; sourceTree = "<group>"; };
		0734BFFD1E5718B100C1FC4B /* object2.png */ = {isa = PBXFileReference; lastKnownFileType = image.png; path = object2.png; sourceTree = "<group>"; };
		0734BFFE1E5718B100C1FC4B /* object3.png */ = {isa = PBXFileReference; lastKnownFileType = image.png; path = object3.png; sourceTree = "<group>"; };
		0734BFFF1E5718B100C1FC4B /* object4.png */ = {isa = PBXFileReference; lastKnownFileType = image.png; path = object4.png; sourceTree = "<group>"; };
		0734C0001E5718B100C1FC4B /* object5.png */ = {isa = PBXFileReference; lastKnownFileType = image.png; path = object5.png; sourceTree = "<group>"; };
		0734C0061E5718C300C1FC4B /* shadow1.png */ = {isa = PBXFileReference; lastKnownFileType = image.png; path = shadow1.png; sourceTree = "<group>"; };
		0734C0071E5718C300C1FC4B /* shadow2.png */ = {isa = PBXFileReference; lastKnownFileType = image.png; path = shadow2.png; sourceTree = "<group>"; };
		0734C0081E5718C300C1FC4B /* shadow3.png */ = {isa = PBXFileReference; lastKnownFileType = image.png; path = shadow3.png; sourceTree = "<group>"; };
		0734C0091E5718C300C1FC4B /* shadow4.png */ = {isa = PBXFileReference; lastKnownFileType = image.png; path = shadow4.png; sourceTree = "<group>"; };
		0734C00A1E5718C300C1FC4B /* shadow5.png */ = {isa = PBXFileReference; lastKnownFileType = image.png; path = shadow5.png; sourceTree = "<group>"; };
		0734C0101E5718D300C1FC4B /* letter1.png */ = {isa = PBXFileReference; lastKnownFileType = image.png; path = letter1.png; sourceTree = "<group>"; };
		0734C0111E5718D300C1FC4B /* letter2.png */ = {isa = PBXFileReference; lastKnownFileType = image.png; path = letter2.png; sourceTree = "<group>"; };
		0734C0121E5718D300C1FC4B /* letter3.png */ = {isa = PBXFileReference; lastKnownFileType = image.png; path = letter3.png; sourceTree = "<group>"; };
		0734C0131E5718D300C1FC4B /* letter4.png */ = {isa = PBXFileReference; lastKnownFileType = image.png; path = letter4.png; sourceTree = "<group>"; };
		0734C0141E5718D300C1FC4B /* letter5.png */ = {isa = PBXFileReference; lastKnownFileType = image.png; path = letter5.png; sourceTree = "<group>"; };
		0734C01D1E57211200C1FC4B /* EndGame.sks */ = {isa = PBXFileReference; lastKnownFileType = file.sks; name = EndGame.sks; path = ../EndGame.sks; sourceTree = "<group>"; };
		0734C01F1E5721A700C1FC4B /* homeBtn.png */ = {isa = PBXFileReference; lastKnownFileType = image.png; path = homeBtn.png; sourceTree = "<group>"; };
		0734C0211E5721E100C1FC4B /* restartBtn.png */ = {isa = PBXFileReference; lastKnownFileType = image.png; path = restartBtn.png; sourceTree = "<group>"; };
		0734C0231E57225800C1FC4B /* EndGame.swift */ = {isa = PBXFileReference; fileEncoding = 4; lastKnownFileType = sourcecode.swift; path = EndGame.swift; sourceTree = "<group>"; };
		07C0B11B1E5785FD001C6733 /* Menu.sks */ = {isa = PBXFileReference; lastKnownFileType = file.sks; path = Menu.sks; sourceTree = "<group>"; };
		07C0B11D1E57868B001C6733 /* Menu.swift */ = {isa = PBXFileReference; fileEncoding = 4; lastKnownFileType = sourcecode.swift; path = Menu.swift; sourceTree = "<group>"; };
		07C0B1221E579703001C6733 /* owl.png */ = {isa = PBXFileReference; lastKnownFileType = image.png; path = owl.png; sourceTree = "<group>"; };
		07C66B431E54757D00E5A818 /* MatchingGame.swift */ = {isa = PBXFileReference; fileEncoding = 4; lastKnownFileType = sourcecode.swift; path = MatchingGame.swift; sourceTree = "<group>"; };
		07C66B451E54758C00E5A818 /* MatchingGame.sks */ = {isa = PBXFileReference; lastKnownFileType = file.sks; path = MatchingGame.sks; sourceTree = "<group>"; };
		07DEA58B1E539071007F4EEC /* CountingGame.sks */ = {isa = PBXFileReference; lastKnownFileType = file.sks; path = CountingGame.sks; sourceTree = "<group>"; };
		07DEA58D1E539115007F4EEC /* CountingGame.swift */ = {isa = PBXFileReference; fileEncoding = 4; lastKnownFileType = sourcecode.swift; path = CountingGame.swift; sourceTree = "<group>"; };
		07FF3F521E51E44C00625748 /* LousaDigital.app */ = {isa = PBXFileReference; explicitFileType = wrapper.application; includeInIndex = 0; path = LousaDigital.app; sourceTree = BUILT_PRODUCTS_DIR; };
		07FF3F551E51E44C00625748 /* AppDelegate.swift */ = {isa = PBXFileReference; lastKnownFileType = sourcecode.swift; path = AppDelegate.swift; sourceTree = "<group>"; };
		07FF3F571E51E44C00625748 /* GameScene.sks */ = {isa = PBXFileReference; lastKnownFileType = file.sks; path = GameScene.sks; sourceTree = "<group>"; };
		07FF3F591E51E44C00625748 /* Actions.sks */ = {isa = PBXFileReference; lastKnownFileType = file.sks; path = Actions.sks; sourceTree = "<group>"; };
		07FF3F5B1E51E44C00625748 /* Game.xcassets */ = {isa = PBXFileReference; lastKnownFileType = folder.assetcatalog; path = Game.xcassets; sourceTree = "<group>"; };
		07FF3F5D1E51E44C00625748 /* GameScene.swift */ = {isa = PBXFileReference; lastKnownFileType = sourcecode.swift; path = GameScene.swift; sourceTree = "<group>"; };
		07FF3F5F1E51E44C00625748 /* GameViewController.swift */ = {isa = PBXFileReference; lastKnownFileType = sourcecode.swift; path = GameViewController.swift; sourceTree = "<group>"; };
		07FF3F621E51E44C00625748 /* Base */ = {isa = PBXFileReference; lastKnownFileType = file.storyboard; name = Base; path = Base.lproj/Main.storyboard; sourceTree = "<group>"; };
		07FF3F641E51E44C00625748 /* Assets.xcassets */ = {isa = PBXFileReference; lastKnownFileType = folder.assetcatalog; path = Assets.xcassets; sourceTree = "<group>"; };
		07FF3F661E51E44C00625748 /* Info.plist */ = {isa = PBXFileReference; lastKnownFileType = text.plist.xml; path = Info.plist; sourceTree = "<group>"; };
		07FF3F6B1E51E44C00625748 /* LousaDigitalTests.xctest */ = {isa = PBXFileReference; explicitFileType = wrapper.cfbundle; includeInIndex = 0; path = LousaDigitalTests.xctest; sourceTree = BUILT_PRODUCTS_DIR; };
		07FF3F6F1E51E44C00625748 /* LousaDigitalTests.swift */ = {isa = PBXFileReference; lastKnownFileType = sourcecode.swift; path = LousaDigitalTests.swift; sourceTree = "<group>"; };
		07FF3F711E51E44C00625748 /* Info.plist */ = {isa = PBXFileReference; lastKnownFileType = text.plist.xml; path = Info.plist; sourceTree = "<group>"; };
		07FF3F761E51E44C00625748 /* LousaDigitalUITests.xctest */ = {isa = PBXFileReference; explicitFileType = wrapper.cfbundle; includeInIndex = 0; path = LousaDigitalUITests.xctest; sourceTree = BUILT_PRODUCTS_DIR; };
		07FF3F7A1E51E44C00625748 /* LousaDigitalUITests.swift */ = {isa = PBXFileReference; lastKnownFileType = sourcecode.swift; path = LousaDigitalUITests.swift; sourceTree = "<group>"; };
		07FF3F7C1E51E44C00625748 /* Info.plist */ = {isa = PBXFileReference; lastKnownFileType = text.plist.xml; path = Info.plist; sourceTree = "<group>"; };
		07FF3F881E51E55500625748 /* Button.swift */ = {isa = PBXFileReference; fileEncoding = 4; lastKnownFileType = sourcecode.swift; path = Button.swift; sourceTree = "<group>"; };
		F10EF3F61E54D7EA0047EC7F /* MenuViewController.swift */ = {isa = PBXFileReference; fileEncoding = 4; lastKnownFileType = sourcecode.swift; path = MenuViewController.swift; sourceTree = "<group>"; };
		F1699B9D1E5486D60022208D /* MenuCollectionViewCell.swift */ = {isa = PBXFileReference; fileEncoding = 4; lastKnownFileType = sourcecode.swift; path = MenuCollectionViewCell.swift; sourceTree = "<group>"; };
		F1699B9E1E5486D60022208D /* MenuRow.swift */ = {isa = PBXFileReference; fileEncoding = 4; lastKnownFileType = sourcecode.swift; path = MenuRow.swift; sourceTree = "<group>"; };
/* End PBXFileReference section */

/* Begin PBXFrameworksBuildPhase section */
		07FF3F4F1E51E44C00625748 /* Frameworks */ = {
			isa = PBXFrameworksBuildPhase;
			buildActionMask = 2147483647;
			files = (
			);
			runOnlyForDeploymentPostprocessing = 0;
		};
		07FF3F681E51E44C00625748 /* Frameworks */ = {
			isa = PBXFrameworksBuildPhase;
			buildActionMask = 2147483647;
			files = (
			);
			runOnlyForDeploymentPostprocessing = 0;
		};
		07FF3F731E51E44C00625748 /* Frameworks */ = {
			isa = PBXFrameworksBuildPhase;
			buildActionMask = 2147483647;
			files = (
			);
			runOnlyForDeploymentPostprocessing = 0;
		};
/* End PBXFrameworksBuildPhase section */

/* Begin PBXGroup section */
		0712ECBC1E537C990026AF80 /* Arts */ = {
			isa = PBXGroup;
			children = (
				07C0B11F1E57931C001C6733 /* Menu */,
				0734C01C1E5720F500C1FC4B /* EndGame */,
				07C66B6B1E54A22700E5A818 /* CountingGame */,
				07C66B471E5485A400E5A818 /* MatchingGame */,
			);
			name = Arts;
			sourceTree = "<group>";
		};
		0734C01C1E5720F500C1FC4B /* EndGame */ = {
			isa = PBXGroup;
			children = (
				0734C0211E5721E100C1FC4B /* restartBtn.png */,
				0734C01F1E5721A700C1FC4B /* homeBtn.png */,
			);
			name = EndGame;
			sourceTree = "<group>";
		};
		07C0B11F1E57931C001C6733 /* Menu */ = {
			isa = PBXGroup;
			children = (
				07C0B1221E579703001C6733 /* owl.png */,
			);
			name = Menu;
			sourceTree = "<group>";
		};
		07C66B471E5485A400E5A818 /* MatchingGame */ = {
			isa = PBXGroup;
			children = (
				07C66B481E5485B900E5A818 /* Objects */,
				07C66B541E54875200E5A818 /* Shadows */,
				07C66B531E54874A00E5A818 /* Letters */,
			);
			name = MatchingGame;
			sourceTree = "<group>";
		};
		07C66B481E5485B900E5A818 /* Objects */ = {
			isa = PBXGroup;
			children = (
				0734BFFC1E5718B100C1FC4B /* object1.png */,
				0734BFFD1E5718B100C1FC4B /* object2.png */,
				0734BFFE1E5718B100C1FC4B /* object3.png */,
				0734BFFF1E5718B100C1FC4B /* object4.png */,
				0734C0001E5718B100C1FC4B /* object5.png */,
			);
			name = Objects;
			sourceTree = "<group>";
		};
		07C66B531E54874A00E5A818 /* Letters */ = {
			isa = PBXGroup;
			children = (
				0734C0101E5718D300C1FC4B /* letter1.png */,
				0734C0111E5718D300C1FC4B /* letter2.png */,
				0734C0121E5718D300C1FC4B /* letter3.png */,
				0734C0131E5718D300C1FC4B /* letter4.png */,
				0734C0141E5718D300C1FC4B /* letter5.png */,
			);
			name = Letters;
			sourceTree = "<group>";
		};
		07C66B541E54875200E5A818 /* Shadows */ = {
			isa = PBXGroup;
			children = (
				0734C0061E5718C300C1FC4B /* shadow1.png */,
				0734C0071E5718C300C1FC4B /* shadow2.png */,
				0734C0081E5718C300C1FC4B /* shadow3.png */,
				0734C0091E5718C300C1FC4B /* shadow4.png */,
				0734C00A1E5718C300C1FC4B /* shadow5.png */,
			);
			name = Shadows;
			sourceTree = "<group>";
		};
		07C66B691E54A1C800E5A818 /* Scenes */ = {
			isa = PBXGroup;
			children = (
				07C0B11B1E5785FD001C6733 /* Menu.sks */,
				0734C01D1E57211200C1FC4B /* EndGame.sks */,
				07FF3F571E51E44C00625748 /* GameScene.sks */,
				07DEA58B1E539071007F4EEC /* CountingGame.sks */,
				07C66B451E54758C00E5A818 /* MatchingGame.sks */,
			);
			name = Scenes;
			sourceTree = "<group>";
		};
		07C66B6A1E54A1EC00E5A818 /* Managers */ = {
			isa = PBXGroup;
			children = (
				07C0B11D1E57868B001C6733 /* Menu.swift */,
				07DEA58D1E539115007F4EEC /* CountingGame.swift */,
				07FF3F881E51E55500625748 /* Button.swift */,
				07C66B431E54757D00E5A818 /* MatchingGame.swift */,
				0734C0231E57225800C1FC4B /* EndGame.swift */,
			);
			name = Managers;
			sourceTree = "<group>";
		};
		07C66B6B1E54A22700E5A818 /* CountingGame */ = {
			isa = PBXGroup;
			children = (
				0712ECBF1E537E0D0026AF80 /* 2.png */,
				0712ECC11E537E150026AF80 /* 6.png */,
				0712ECC31E537E1C0026AF80 /* 7.png */,
				0712ECBD1E537CA90026AF80 /* apples.png */,
			);
			name = CountingGame;
			sourceTree = "<group>";
		};
		07FF3F491E51E44C00625748 = {
			isa = PBXGroup;
			children = (
				07FF3F541E51E44C00625748 /* LousaDigital */,
				07FF3F6E1E51E44C00625748 /* LousaDigitalTests */,
				07FF3F791E51E44C00625748 /* LousaDigitalUITests */,
				07FF3F531E51E44C00625748 /* Products */,
			);
			sourceTree = "<group>";
		};
		07FF3F531E51E44C00625748 /* Products */ = {
			isa = PBXGroup;
			children = (
				07FF3F521E51E44C00625748 /* LousaDigital.app */,
				07FF3F6B1E51E44C00625748 /* LousaDigitalTests.xctest */,
				07FF3F761E51E44C00625748 /* LousaDigitalUITests.xctest */,
			);
			name = Products;
			sourceTree = "<group>";
		};
		07FF3F541E51E44C00625748 /* LousaDigital */ = {
			isa = PBXGroup;
			children = (
				07FF3F551E51E44C00625748 /* AppDelegate.swift */,
				07FF3F5F1E51E44C00625748 /* GameViewController.swift */,
				F10EF3F81E54D8FD0047EC7F /* Menu */,
				07C66B6A1E54A1EC00E5A818 /* Managers */,
				07C66B691E54A1C800E5A818 /* Scenes */,
				0712ECBC1E537C990026AF80 /* Arts */,
				07FF3F591E51E44C00625748 /* Actions.sks */,
				07FF3F5B1E51E44C00625748 /* Game.xcassets */,
				07FF3F5D1E51E44C00625748 /* GameScene.swift */,
				07FF3F611E51E44C00625748 /* Main.storyboard */,
				07FF3F641E51E44C00625748 /* Assets.xcassets */,
				07FF3F661E51E44C00625748 /* Info.plist */,
			);
			path = LousaDigital;
			sourceTree = "<group>";
		};
		07FF3F6E1E51E44C00625748 /* LousaDigitalTests */ = {
			isa = PBXGroup;
			children = (
				07FF3F6F1E51E44C00625748 /* LousaDigitalTests.swift */,
				07FF3F711E51E44C00625748 /* Info.plist */,
			);
			path = LousaDigitalTests;
			sourceTree = "<group>";
		};
		07FF3F791E51E44C00625748 /* LousaDigitalUITests */ = {
			isa = PBXGroup;
			children = (
				07FF3F7A1E51E44C00625748 /* LousaDigitalUITests.swift */,
				07FF3F7C1E51E44C00625748 /* Info.plist */,
			);
			path = LousaDigitalUITests;
			sourceTree = "<group>";
		};
		F10EF3F81E54D8FD0047EC7F /* Menu */ = {
			isa = PBXGroup;
			children = (
				F1699B9E1E5486D60022208D /* MenuRow.swift */,
				F1699B9D1E5486D60022208D /* MenuCollectionViewCell.swift */,
				F10EF3F61E54D7EA0047EC7F /* MenuViewController.swift */,
			);
			name = Menu;
			sourceTree = "<group>";
		};
/* End PBXGroup section */

/* Begin PBXNativeTarget section */
		07FF3F511E51E44C00625748 /* LousaDigital */ = {
			isa = PBXNativeTarget;
			buildConfigurationList = 07FF3F7F1E51E44C00625748 /* Build configuration list for PBXNativeTarget "LousaDigital" */;
			buildPhases = (
				07FF3F4E1E51E44C00625748 /* Sources */,
				07FF3F4F1E51E44C00625748 /* Frameworks */,
				07FF3F501E51E44C00625748 /* Resources */,
			);
			buildRules = (
			);
			dependencies = (
			);
			name = LousaDigital;
			productName = LousaDigital;
			productReference = 07FF3F521E51E44C00625748 /* LousaDigital.app */;
			productType = "com.apple.product-type.application";
		};
		07FF3F6A1E51E44C00625748 /* LousaDigitalTests */ = {
			isa = PBXNativeTarget;
			buildConfigurationList = 07FF3F821E51E44C00625748 /* Build configuration list for PBXNativeTarget "LousaDigitalTests" */;
			buildPhases = (
				07FF3F671E51E44C00625748 /* Sources */,
				07FF3F681E51E44C00625748 /* Frameworks */,
				07FF3F691E51E44C00625748 /* Resources */,
			);
			buildRules = (
			);
			dependencies = (
				07FF3F6D1E51E44C00625748 /* PBXTargetDependency */,
			);
			name = LousaDigitalTests;
			productName = LousaDigitalTests;
			productReference = 07FF3F6B1E51E44C00625748 /* LousaDigitalTests.xctest */;
			productType = "com.apple.product-type.bundle.unit-test";
		};
		07FF3F751E51E44C00625748 /* LousaDigitalUITests */ = {
			isa = PBXNativeTarget;
			buildConfigurationList = 07FF3F851E51E44C00625748 /* Build configuration list for PBXNativeTarget "LousaDigitalUITests" */;
			buildPhases = (
				07FF3F721E51E44C00625748 /* Sources */,
				07FF3F731E51E44C00625748 /* Frameworks */,
				07FF3F741E51E44C00625748 /* Resources */,
			);
			buildRules = (
			);
			dependencies = (
				07FF3F781E51E44C00625748 /* PBXTargetDependency */,
			);
			name = LousaDigitalUITests;
			productName = LousaDigitalUITests;
			productReference = 07FF3F761E51E44C00625748 /* LousaDigitalUITests.xctest */;
			productType = "com.apple.product-type.bundle.ui-testing";
		};
/* End PBXNativeTarget section */

/* Begin PBXProject section */
		07FF3F4A1E51E44C00625748 /* Project object */ = {
			isa = PBXProject;
			attributes = {
				LastSwiftUpdateCheck = 0810;
				LastUpgradeCheck = 0810;
				ORGANIZATIONNAME = "Renata Gondim Andrade Theóphilo";
				TargetAttributes = {
					07FF3F511E51E44C00625748 = {
						CreatedOnToolsVersion = 8.1;
						DevelopmentTeam = B8R742385D;
						ProvisioningStyle = Automatic;
					};
					07FF3F6A1E51E44C00625748 = {
						CreatedOnToolsVersion = 8.1;
						DevelopmentTeam = B8R742385D;
						ProvisioningStyle = Automatic;
						TestTargetID = 07FF3F511E51E44C00625748;
					};
					07FF3F751E51E44C00625748 = {
						CreatedOnToolsVersion = 8.1;
						DevelopmentTeam = B8R742385D;
						ProvisioningStyle = Automatic;
						TestTargetID = 07FF3F511E51E44C00625748;
					};
				};
			};
			buildConfigurationList = 07FF3F4D1E51E44C00625748 /* Build configuration list for PBXProject "LousaDigital" */;
			compatibilityVersion = "Xcode 3.2";
			developmentRegion = English;
			hasScannedForEncodings = 0;
			knownRegions = (
				en,
				Base,
			);
			mainGroup = 07FF3F491E51E44C00625748;
			productRefGroup = 07FF3F531E51E44C00625748 /* Products */;
			projectDirPath = "";
			projectRoot = "";
			targets = (
				07FF3F511E51E44C00625748 /* LousaDigital */,
				07FF3F6A1E51E44C00625748 /* LousaDigitalTests */,
				07FF3F751E51E44C00625748 /* LousaDigitalUITests */,
			);
		};
/* End PBXProject section */

/* Begin PBXResourcesBuildPhase section */
		07FF3F501E51E44C00625748 /* Resources */ = {
			isa = PBXResourcesBuildPhase;
			buildActionMask = 2147483647;
			files = (
				0734C0031E5718B100C1FC4B /* object3.png in Resources */,
				0734C00E1E5718C300C1FC4B /* shadow4.png in Resources */,
				0712ECC41E537E1C0026AF80 /* 7.png in Resources */,
				0734C00B1E5718C300C1FC4B /* shadow1.png in Resources */,
				0734C0041E5718B100C1FC4B /* object4.png in Resources */,
				0734C0021E5718B100C1FC4B /* object2.png in Resources */,
				07FF3F581E51E44C00625748 /* GameScene.sks in Resources */,
				07FF3F5A1E51E44C00625748 /* Actions.sks in Resources */,
				0712ECC01E537E0D0026AF80 /* 2.png in Resources */,
				07DEA58C1E539071007F4EEC /* CountingGame.sks in Resources */,
				0734C0181E5718D300C1FC4B /* letter4.png in Resources */,
				0734C0011E5718B100C1FC4B /* object1.png in Resources */,
				0734C0051E5718B100C1FC4B /* object5.png in Resources */,
				0734C0161E5718D300C1FC4B /* letter2.png in Resources */,
				07FF3F5C1E51E44C00625748 /* Game.xcassets in Resources */,
				07C66B461E54758C00E5A818 /* MatchingGame.sks in Resources */,
				0734C00D1E5718C300C1FC4B /* shadow3.png in Resources */,
				0734C00C1E5718C300C1FC4B /* shadow2.png in Resources */,
				07C0B11C1E5785FD001C6733 /* Menu.sks in Resources */,
				0734C0171E5718D300C1FC4B /* letter3.png in Resources */,
				0734C01E1E57211200C1FC4B /* EndGame.sks in Resources */,
				07FF3F631E51E44C00625748 /* Main.storyboard in Resources */,
				07C0B1231E579703001C6733 /* owl.png in Resources */,
				0712ECBE1E537CA90026AF80 /* apples.png in Resources */,
				0712ECC21E537E150026AF80 /* 6.png in Resources */,
				0734C0201E5721A700C1FC4B /* homeBtn.png in Resources */,
				0734C00F1E5718C300C1FC4B /* shadow5.png in Resources */,
				07FF3F651E51E44C00625748 /* Assets.xcassets in Resources */,
				0734C0151E5718D300C1FC4B /* letter1.png in Resources */,
				0734C0221E5721E100C1FC4B /* restartBtn.png in Resources */,
				0734C0191E5718D300C1FC4B /* letter5.png in Resources */,
			);
			runOnlyForDeploymentPostprocessing = 0;
		};
		07FF3F691E51E44C00625748 /* Resources */ = {
			isa = PBXResourcesBuildPhase;
			buildActionMask = 2147483647;
			files = (
			);
			runOnlyForDeploymentPostprocessing = 0;
		};
		07FF3F741E51E44C00625748 /* Resources */ = {
			isa = PBXResourcesBuildPhase;
			buildActionMask = 2147483647;
			files = (
			);
			runOnlyForDeploymentPostprocessing = 0;
		};
/* End PBXResourcesBuildPhase section */

/* Begin PBXSourcesBuildPhase section */
		07FF3F4E1E51E44C00625748 /* Sources */ = {
			isa = PBXSourcesBuildPhase;
			buildActionMask = 2147483647;
			files = (
				07FF3F5E1E51E44C00625748 /* GameScene.swift in Sources */,
				F1699B9F1E5486D60022208D /* MenuCollectionViewCell.swift in Sources */,
				07FF3F601E51E44C00625748 /* GameViewController.swift in Sources */,
				07C66B441E54757D00E5A818 /* MatchingGame.swift in Sources */,
				F10EF3F71E54D7EA0047EC7F /* MenuViewController.swift in Sources */,
				07C0B11E1E57868B001C6733 /* Menu.swift in Sources */,
				07FF3F561E51E44C00625748 /* AppDelegate.swift in Sources */,
				F1699BA01E5486D60022208D /* MenuRow.swift in Sources */,
				07DEA58E1E539115007F4EEC /* CountingGame.swift in Sources */,
				07FF3F891E51E55500625748 /* Button.swift in Sources */,
				0734C0241E57225900C1FC4B /* EndGame.swift in Sources */,
			);
			runOnlyForDeploymentPostprocessing = 0;
		};
		07FF3F671E51E44C00625748 /* Sources */ = {
			isa = PBXSourcesBuildPhase;
			buildActionMask = 2147483647;
			files = (
				07FF3F701E51E44C00625748 /* LousaDigitalTests.swift in Sources */,
			);
			runOnlyForDeploymentPostprocessing = 0;
		};
		07FF3F721E51E44C00625748 /* Sources */ = {
			isa = PBXSourcesBuildPhase;
			buildActionMask = 2147483647;
			files = (
				07FF3F7B1E51E44C00625748 /* LousaDigitalUITests.swift in Sources */,
			);
			runOnlyForDeploymentPostprocessing = 0;
		};
/* End PBXSourcesBuildPhase section */

/* Begin PBXTargetDependency section */
		07FF3F6D1E51E44C00625748 /* PBXTargetDependency */ = {
			isa = PBXTargetDependency;
			target = 07FF3F511E51E44C00625748 /* LousaDigital */;
			targetProxy = 07FF3F6C1E51E44C00625748 /* PBXContainerItemProxy */;
		};
		07FF3F781E51E44C00625748 /* PBXTargetDependency */ = {
			isa = PBXTargetDependency;
			target = 07FF3F511E51E44C00625748 /* LousaDigital */;
			targetProxy = 07FF3F771E51E44C00625748 /* PBXContainerItemProxy */;
		};
/* End PBXTargetDependency section */

/* Begin PBXVariantGroup section */
		07FF3F611E51E44C00625748 /* Main.storyboard */ = {
			isa = PBXVariantGroup;
			children = (
				07FF3F621E51E44C00625748 /* Base */,
			);
			name = Main.storyboard;
			sourceTree = "<group>";
		};
/* End PBXVariantGroup section */

/* Begin XCBuildConfiguration section */
		07FF3F7D1E51E44C00625748 /* Debug */ = {
			isa = XCBuildConfiguration;
			buildSettings = {
				ALWAYS_SEARCH_USER_PATHS = NO;
				CLANG_ANALYZER_NONNULL = YES;
				CLANG_CXX_LANGUAGE_STANDARD = "gnu++0x";
				CLANG_CXX_LIBRARY = "libc++";
				CLANG_ENABLE_MODULES = YES;
				CLANG_ENABLE_OBJC_ARC = YES;
				CLANG_WARN_BOOL_CONVERSION = YES;
				CLANG_WARN_CONSTANT_CONVERSION = YES;
				CLANG_WARN_DIRECT_OBJC_ISA_USAGE = YES_ERROR;
				CLANG_WARN_DOCUMENTATION_COMMENTS = YES;
				CLANG_WARN_EMPTY_BODY = YES;
				CLANG_WARN_ENUM_CONVERSION = YES;
				CLANG_WARN_INFINITE_RECURSION = YES;
				CLANG_WARN_INT_CONVERSION = YES;
				CLANG_WARN_OBJC_ROOT_CLASS = YES_ERROR;
				CLANG_WARN_SUSPICIOUS_MOVES = YES;
				CLANG_WARN_UNREACHABLE_CODE = YES;
				CLANG_WARN__DUPLICATE_METHOD_MATCH = YES;
				COPY_PHASE_STRIP = NO;
				DEBUG_INFORMATION_FORMAT = dwarf;
				ENABLE_STRICT_OBJC_MSGSEND = YES;
				ENABLE_TESTABILITY = YES;
				GCC_C_LANGUAGE_STANDARD = gnu99;
				GCC_DYNAMIC_NO_PIC = NO;
				GCC_NO_COMMON_BLOCKS = YES;
				GCC_OPTIMIZATION_LEVEL = 0;
				GCC_PREPROCESSOR_DEFINITIONS = (
					"DEBUG=1",
					"$(inherited)",
				);
				GCC_WARN_64_TO_32_BIT_CONVERSION = YES;
				GCC_WARN_ABOUT_RETURN_TYPE = YES_ERROR;
				GCC_WARN_UNDECLARED_SELECTOR = YES;
				GCC_WARN_UNINITIALIZED_AUTOS = YES_AGGRESSIVE;
				GCC_WARN_UNUSED_FUNCTION = YES;
				GCC_WARN_UNUSED_VARIABLE = YES;
				MTL_ENABLE_DEBUG_INFO = YES;
				ONLY_ACTIVE_ARCH = YES;
				SDKROOT = appletvos;
				SWIFT_ACTIVE_COMPILATION_CONDITIONS = DEBUG;
				SWIFT_OPTIMIZATION_LEVEL = "-Onone";
				TARGETED_DEVICE_FAMILY = 3;
				TVOS_DEPLOYMENT_TARGET = 10.0;
			};
			name = Debug;
		};
		07FF3F7E1E51E44C00625748 /* Release */ = {
			isa = XCBuildConfiguration;
			buildSettings = {
				ALWAYS_SEARCH_USER_PATHS = NO;
				CLANG_ANALYZER_NONNULL = YES;
				CLANG_CXX_LANGUAGE_STANDARD = "gnu++0x";
				CLANG_CXX_LIBRARY = "libc++";
				CLANG_ENABLE_MODULES = YES;
				CLANG_ENABLE_OBJC_ARC = YES;
				CLANG_WARN_BOOL_CONVERSION = YES;
				CLANG_WARN_CONSTANT_CONVERSION = YES;
				CLANG_WARN_DIRECT_OBJC_ISA_USAGE = YES_ERROR;
				CLANG_WARN_DOCUMENTATION_COMMENTS = YES;
				CLANG_WARN_EMPTY_BODY = YES;
				CLANG_WARN_ENUM_CONVERSION = YES;
				CLANG_WARN_INFINITE_RECURSION = YES;
				CLANG_WARN_INT_CONVERSION = YES;
				CLANG_WARN_OBJC_ROOT_CLASS = YES_ERROR;
				CLANG_WARN_SUSPICIOUS_MOVES = YES;
				CLANG_WARN_UNREACHABLE_CODE = YES;
				CLANG_WARN__DUPLICATE_METHOD_MATCH = YES;
				COPY_PHASE_STRIP = NO;
				DEBUG_INFORMATION_FORMAT = "dwarf-with-dsym";
				ENABLE_NS_ASSERTIONS = NO;
				ENABLE_STRICT_OBJC_MSGSEND = YES;
				GCC_C_LANGUAGE_STANDARD = gnu99;
				GCC_NO_COMMON_BLOCKS = YES;
				GCC_WARN_64_TO_32_BIT_CONVERSION = YES;
				GCC_WARN_ABOUT_RETURN_TYPE = YES_ERROR;
				GCC_WARN_UNDECLARED_SELECTOR = YES;
				GCC_WARN_UNINITIALIZED_AUTOS = YES_AGGRESSIVE;
				GCC_WARN_UNUSED_FUNCTION = YES;
				GCC_WARN_UNUSED_VARIABLE = YES;
				MTL_ENABLE_DEBUG_INFO = NO;
				SDKROOT = appletvos;
				SWIFT_OPTIMIZATION_LEVEL = "-Owholemodule";
				TARGETED_DEVICE_FAMILY = 3;
				TVOS_DEPLOYMENT_TARGET = 10.0;
				VALIDATE_PRODUCT = YES;
			};
			name = Release;
		};
		07FF3F801E51E44C00625748 /* Debug */ = {
			isa = XCBuildConfiguration;
			buildSettings = {
				ASSETCATALOG_COMPILER_APPICON_NAME = "App Icon & Top Shelf Image";
				ASSETCATALOG_COMPILER_LAUNCHIMAGE_NAME = LaunchImage;
				DEVELOPMENT_TEAM = B8R742385D;
				INFOPLIST_FILE = LousaDigital/Info.plist;
				LD_RUNPATH_SEARCH_PATHS = "$(inherited) @executable_path/Frameworks";
				PRODUCT_BUNDLE_IDENTIFIER = bepid.LousaDigital;
				PRODUCT_NAME = "$(TARGET_NAME)";
				SWIFT_VERSION = 3.0;
			};
			name = Debug;
		};
		07FF3F811E51E44C00625748 /* Release */ = {
			isa = XCBuildConfiguration;
			buildSettings = {
				ASSETCATALOG_COMPILER_APPICON_NAME = "App Icon & Top Shelf Image";
				ASSETCATALOG_COMPILER_LAUNCHIMAGE_NAME = LaunchImage;
				DEVELOPMENT_TEAM = B8R742385D;
				INFOPLIST_FILE = LousaDigital/Info.plist;
				LD_RUNPATH_SEARCH_PATHS = "$(inherited) @executable_path/Frameworks";
				PRODUCT_BUNDLE_IDENTIFIER = bepid.LousaDigital;
				PRODUCT_NAME = "$(TARGET_NAME)";
				SWIFT_VERSION = 3.0;
			};
			name = Release;
		};
		07FF3F831E51E44C00625748 /* Debug */ = {
			isa = XCBuildConfiguration;
			buildSettings = {
				ALWAYS_EMBED_SWIFT_STANDARD_LIBRARIES = YES;
				BUNDLE_LOADER = "$(TEST_HOST)";
				DEVELOPMENT_TEAM = B8R742385D;
				INFOPLIST_FILE = LousaDigitalTests/Info.plist;
				LD_RUNPATH_SEARCH_PATHS = "$(inherited) @executable_path/Frameworks @loader_path/Frameworks";
				PRODUCT_BUNDLE_IDENTIFIER = bepid.LousaDigitalTests;
				PRODUCT_NAME = "$(TARGET_NAME)";
				SWIFT_VERSION = 3.0;
				TEST_HOST = "$(BUILT_PRODUCTS_DIR)/LousaDigital.app/LousaDigital";
			};
			name = Debug;
		};
		07FF3F841E51E44C00625748 /* Release */ = {
			isa = XCBuildConfiguration;
			buildSettings = {
				ALWAYS_EMBED_SWIFT_STANDARD_LIBRARIES = YES;
				BUNDLE_LOADER = "$(TEST_HOST)";
				DEVELOPMENT_TEAM = B8R742385D;
				INFOPLIST_FILE = LousaDigitalTests/Info.plist;
				LD_RUNPATH_SEARCH_PATHS = "$(inherited) @executable_path/Frameworks @loader_path/Frameworks";
				PRODUCT_BUNDLE_IDENTIFIER = bepid.LousaDigitalTests;
				PRODUCT_NAME = "$(TARGET_NAME)";
				SWIFT_VERSION = 3.0;
				TEST_HOST = "$(BUILT_PRODUCTS_DIR)/LousaDigital.app/LousaDigital";
			};
			name = Release;
		};
		07FF3F861E51E44C00625748 /* Debug */ = {
			isa = XCBuildConfiguration;
			buildSettings = {
				ALWAYS_EMBED_SWIFT_STANDARD_LIBRARIES = YES;
				DEVELOPMENT_TEAM = B8R742385D;
				INFOPLIST_FILE = LousaDigitalUITests/Info.plist;
				LD_RUNPATH_SEARCH_PATHS = "$(inherited) @executable_path/Frameworks @loader_path/Frameworks";
				PRODUCT_BUNDLE_IDENTIFIER = bepid.LousaDigitalUITests;
				PRODUCT_NAME = "$(TARGET_NAME)";
				SWIFT_VERSION = 3.0;
				TEST_TARGET_NAME = LousaDigital;
			};
			name = Debug;
		};
		07FF3F871E51E44C00625748 /* Release */ = {
			isa = XCBuildConfiguration;
			buildSettings = {
				ALWAYS_EMBED_SWIFT_STANDARD_LIBRARIES = YES;
				DEVELOPMENT_TEAM = B8R742385D;
				INFOPLIST_FILE = LousaDigitalUITests/Info.plist;
				LD_RUNPATH_SEARCH_PATHS = "$(inherited) @executable_path/Frameworks @loader_path/Frameworks";
				PRODUCT_BUNDLE_IDENTIFIER = bepid.LousaDigitalUITests;
				PRODUCT_NAME = "$(TARGET_NAME)";
				SWIFT_VERSION = 3.0;
				TEST_TARGET_NAME = LousaDigital;
			};
			name = Release;
		};
/* End XCBuildConfiguration section */

/* Begin XCConfigurationList section */
		07FF3F4D1E51E44C00625748 /* Build configuration list for PBXProject "LousaDigital" */ = {
			isa = XCConfigurationList;
			buildConfigurations = (
				07FF3F7D1E51E44C00625748 /* Debug */,
				07FF3F7E1E51E44C00625748 /* Release */,
			);
			defaultConfigurationIsVisible = 0;
			defaultConfigurationName = Release;
		};
		07FF3F7F1E51E44C00625748 /* Build configuration list for PBXNativeTarget "LousaDigital" */ = {
			isa = XCConfigurationList;
			buildConfigurations = (
				07FF3F801E51E44C00625748 /* Debug */,
				07FF3F811E51E44C00625748 /* Release */,
			);
			defaultConfigurationIsVisible = 0;
			defaultConfigurationName = Release;
		};
		07FF3F821E51E44C00625748 /* Build configuration list for PBXNativeTarget "LousaDigitalTests" */ = {
			isa = XCConfigurationList;
			buildConfigurations = (
				07FF3F831E51E44C00625748 /* Debug */,
				07FF3F841E51E44C00625748 /* Release */,
			);
			defaultConfigurationIsVisible = 0;
			defaultConfigurationName = Release;
		};
		07FF3F851E51E44C00625748 /* Build configuration list for PBXNativeTarget "LousaDigitalUITests" */ = {
			isa = XCConfigurationList;
			buildConfigurations = (
				07FF3F861E51E44C00625748 /* Debug */,
				07FF3F871E51E44C00625748 /* Release */,
			);
			defaultConfigurationIsVisible = 0;
			defaultConfigurationName = Release;
		};
/* End XCConfigurationList section */
	};
	rootObject = 07FF3F4A1E51E44C00625748 /* Project object */;
}
