// !$*UTF8*$!
{
	archiveVersion = 1;
	classes = {
	};
	objectVersion = 46;
	objects = {

/* Begin PBXBuildFile section */
		0734C0011E5718B100C1FC4B /* object1.png in Resources */ = {isa = PBXBuildFile; fileRef = 0734BFFC1E5718B100C1FC4B /* object1.png */; };
		0734C0021E5718B100C1FC4B /* object2.png in Resources */ = {isa = PBXBuildFile; fileRef = 0734BFFD1E5718B100C1FC4B /* object2.png */; };
		0734C0031E5718B100C1FC4B /* object3.png in Resources */ = {isa = PBXBuildFile; fileRef = 0734BFFE1E5718B100C1FC4B /* object3.png */; };
		0734C0041E5718B100C1FC4B /* object4.png in Resources */ = {isa = PBXBuildFile; fileRef = 0734BFFF1E5718B100C1FC4B /* object4.png */; };
		0734C0051E5718B100C1FC4B /* object5.png in Resources */ = {isa = PBXBuildFile; fileRef = 0734C0001E5718B100C1FC4B /* object5.png */; };
		0734C00B1E5718C300C1FC4B /* shadow1.png in Resources */ = {isa = PBXBuildFile; fileRef = 0734C0061E5718C300C1FC4B /* shadow1.png */; };
		0734C00C1E5718C300C1FC4B /* shadow2.png in Resources */ = {isa = PBXBuildFile; fileRef = 0734C0071E5718C300C1FC4B /* shadow2.png */; };
		0734C00D1E5718C300C1FC4B /* shadow3.png in Resources */ = {isa = PBXBuildFile; fileRef = 0734C0081E5718C300C1FC4B /* shadow3.png */; };
		0734C00E1E5718C300C1FC4B /* shadow4.png in Resources */ = {isa = PBXBuildFile; fileRef = 0734C0091E5718C300C1FC4B /* shadow4.png */; };
		0734C00F1E5718C300C1FC4B /* shadow5.png in Resources */ = {isa = PBXBuildFile; fileRef = 0734C00A1E5718C300C1FC4B /* shadow5.png */; };
		0734C0151E5718D300C1FC4B /* letter1.png in Resources */ = {isa = PBXBuildFile; fileRef = 0734C0101E5718D300C1FC4B /* letter1.png */; };
		0734C0161E5718D300C1FC4B /* letter2.png in Resources */ = {isa = PBXBuildFile; fileRef = 0734C0111E5718D300C1FC4B /* letter2.png */; };
		0734C0171E5718D300C1FC4B /* letter3.png in Resources */ = {isa = PBXBuildFile; fileRef = 0734C0121E5718D300C1FC4B /* letter3.png */; };
		0734C0181E5718D300C1FC4B /* letter4.png in Resources */ = {isa = PBXBuildFile; fileRef = 0734C0131E5718D300C1FC4B /* letter4.png */; };
		0734C0191E5718D300C1FC4B /* letter5.png in Resources */ = {isa = PBXBuildFile; fileRef = 0734C0141E5718D300C1FC4B /* letter5.png */; };
		0734C01E1E57211200C1FC4B /* EndGame.sks in Resources */ = {isa = PBXBuildFile; fileRef = 0734C01D1E57211200C1FC4B /* EndGame.sks */; };
		0734C0201E5721A700C1FC4B /* homeBtn.png in Resources */ = {isa = PBXBuildFile; fileRef = 0734C01F1E5721A700C1FC4B /* homeBtn.png */; };
		0734C0221E5721E100C1FC4B /* restartBtn.png in Resources */ = {isa = PBXBuildFile; fileRef = 0734C0211E5721E100C1FC4B /* restartBtn.png */; };
		0734C0241E57225900C1FC4B /* EndGame.swift in Sources */ = {isa = PBXBuildFile; fileRef = 0734C0231E57225800C1FC4B /* EndGame.swift */; };
		0753ED261E62685300504F31 /* StringExtensions.swift in Sources */ = {isa = PBXBuildFile; fileRef = 0753ED251E62685300504F31 /* StringExtensions.swift */; };
		075666B11E5A41180009FE7A /* number2.png in Resources */ = {isa = PBXBuildFile; fileRef = 075666B01E5A41180009FE7A /* number2.png */; };
		075666B31E5A41200009FE7A /* shadowNumber2.png in Resources */ = {isa = PBXBuildFile; fileRef = 075666B21E5A41200009FE7A /* shadowNumber2.png */; };
		075666BB1E5A555F0009FE7A /* number1.png in Resources */ = {isa = PBXBuildFile; fileRef = 075666BA1E5A555F0009FE7A /* number1.png */; };
		077D5B981E5C726F0016EBFC /* numberBody1.png in Resources */ = {isa = PBXBuildFile; fileRef = 077D5B931E5C726F0016EBFC /* numberBody1.png */; };
		077D5B991E5C726F0016EBFC /* numberBody2.png in Resources */ = {isa = PBXBuildFile; fileRef = 077D5B941E5C726F0016EBFC /* numberBody2.png */; };
		077D5B9A1E5C726F0016EBFC /* numberBody3.png in Resources */ = {isa = PBXBuildFile; fileRef = 077D5B951E5C726F0016EBFC /* numberBody3.png */; };
		077D5B9B1E5C726F0016EBFC /* numberBody4.png in Resources */ = {isa = PBXBuildFile; fileRef = 077D5B961E5C726F0016EBFC /* numberBody4.png */; };
		077D5B9C1E5C726F0016EBFC /* numberBody5.png in Resources */ = {isa = PBXBuildFile; fileRef = 077D5B971E5C726F0016EBFC /* numberBody5.png */; };
		078352501E64877600FF0E65 /* owlBody.png in Resources */ = {isa = PBXBuildFile; fileRef = 0783524F1E64877600FF0E65 /* owlBody.png */; };
		078352551E64879700FF0E65 /* eye1.png in Resources */ = {isa = PBXBuildFile; fileRef = 078352521E64879700FF0E65 /* eye1.png */; };
		0783525A1E6489B800FF0E65 /* eye2.png in Resources */ = {isa = PBXBuildFile; fileRef = 078352581E6489B800FF0E65 /* eye2.png */; };
		0783525B1E6489B800FF0E65 /* eye3.png in Resources */ = {isa = PBXBuildFile; fileRef = 078352591E6489B800FF0E65 /* eye3.png */; };
		0784C8E81E5DB801007A1D1C /* board.png in Resources */ = {isa = PBXBuildFile; fileRef = 0784C8E71E5DB801007A1D1C /* board.png */; };
		078CCEE41E61ED9800E99544 /* ActivityScene.swift in Sources */ = {isa = PBXBuildFile; fileRef = 078CCEE31E61ED9800E99544 /* ActivityScene.swift */; };
		07C0B11C1E5785FD001C6733 /* Menu.sks in Resources */ = {isa = PBXBuildFile; fileRef = 07C0B11B1E5785FD001C6733 /* Menu.sks */; };
		07C0B11E1E57868B001C6733 /* Menu.swift in Sources */ = {isa = PBXBuildFile; fileRef = 07C0B11D1E57868B001C6733 /* Menu.swift */; };
		07C66B441E54757D00E5A818 /* MatchingGame.swift in Sources */ = {isa = PBXBuildFile; fileRef = 07C66B431E54757D00E5A818 /* MatchingGame.swift */; };
		07C66B461E54758C00E5A818 /* MatchingGame.sks in Resources */ = {isa = PBXBuildFile; fileRef = 07C66B451E54758C00E5A818 /* MatchingGame.sks */; };
		07CB5F651E64920200DE42D6 /* wingClosed.png in Resources */ = {isa = PBXBuildFile; fileRef = 07CB5F621E64920200DE42D6 /* wingClosed.png */; };
		07CB5F661E64920200DE42D6 /* wingLeft.png in Resources */ = {isa = PBXBuildFile; fileRef = 07CB5F631E64920200DE42D6 /* wingLeft.png */; };
		07CB5F671E64920200DE42D6 /* wingRight.png in Resources */ = {isa = PBXBuildFile; fileRef = 07CB5F641E64920200DE42D6 /* wingRight.png */; };
		07CB5F691E64956400DE42D6 /* wingClosedR.png in Resources */ = {isa = PBXBuildFile; fileRef = 07CB5F681E64956400DE42D6 /* wingClosedR.png */; };
		07DD16981E5F2B2E00A46084 /* owlBeak.png in Resources */ = {isa = PBXBuildFile; fileRef = 07DD16951E5F2B2E00A46084 /* owlBeak.png */; };
		07DD16991E5F2B2E00A46084 /* owlFoot.png in Resources */ = {isa = PBXBuildFile; fileRef = 07DD16961E5F2B2E00A46084 /* owlFoot.png */; };
		07DEA58C1E539071007F4EEC /* CountingGame.sks in Resources */ = {isa = PBXBuildFile; fileRef = 07DEA58B1E539071007F4EEC /* CountingGame.sks */; };
		07DEA58E1E539115007F4EEC /* CountingGame.swift in Sources */ = {isa = PBXBuildFile; fileRef = 07DEA58D1E539115007F4EEC /* CountingGame.swift */; };
		07E37BE41E60D5860069ECBE /* bluePencil.png in Resources */ = {isa = PBXBuildFile; fileRef = 07E37BDD1E60D5860069ECBE /* bluePencil.png */; };
		07E37BE51E60D5860069ECBE /* greenPencil.png in Resources */ = {isa = PBXBuildFile; fileRef = 07E37BDE1E60D5860069ECBE /* greenPencil.png */; };
		07E37BE61E60D5860069ECBE /* orangePencil.png in Resources */ = {isa = PBXBuildFile; fileRef = 07E37BDF1E60D5860069ECBE /* orangePencil.png */; };
		07E37BE71E60D5860069ECBE /* pinkPencil.png in Resources */ = {isa = PBXBuildFile; fileRef = 07E37BE01E60D5860069ECBE /* pinkPencil.png */; };
		07E37BE81E60D5860069ECBE /* purplePencil.png in Resources */ = {isa = PBXBuildFile; fileRef = 07E37BE11E60D5860069ECBE /* purplePencil.png */; };
		07E37BE91E60D5860069ECBE /* redPencil.png in Resources */ = {isa = PBXBuildFile; fileRef = 07E37BE21E60D5860069ECBE /* redPencil.png */; };
		07E37BEA1E60D5860069ECBE /* yellowPencil.png in Resources */ = {isa = PBXBuildFile; fileRef = 07E37BE31E60D5860069ECBE /* yellowPencil.png */; };
		07E37BF21E60D5A90069ECBE /* blue.png in Resources */ = {isa = PBXBuildFile; fileRef = 07E37BEB1E60D5A90069ECBE /* blue.png */; };
		07E37BF31E60D5A90069ECBE /* green.png in Resources */ = {isa = PBXBuildFile; fileRef = 07E37BEC1E60D5A90069ECBE /* green.png */; };
		07E37BF41E60D5A90069ECBE /* orange.png in Resources */ = {isa = PBXBuildFile; fileRef = 07E37BED1E60D5A90069ECBE /* orange.png */; };
		07E37BF51E60D5A90069ECBE /* pink.png in Resources */ = {isa = PBXBuildFile; fileRef = 07E37BEE1E60D5A90069ECBE /* pink.png */; };
		07E37BF61E60D5A90069ECBE /* purple.png in Resources */ = {isa = PBXBuildFile; fileRef = 07E37BEF1E60D5A90069ECBE /* purple.png */; };
		07E37BF71E60D5A90069ECBE /* red.png in Resources */ = {isa = PBXBuildFile; fileRef = 07E37BF01E60D5A90069ECBE /* red.png */; };
		07E37BF81E60D5A90069ECBE /* yellow.png in Resources */ = {isa = PBXBuildFile; fileRef = 07E37BF11E60D5A90069ECBE /* yellow.png */; };
		07E37BFA1E60D8880069ECBE /* ColorsGame.swift in Sources */ = {isa = PBXBuildFile; fileRef = 07E37BF91E60D8880069ECBE /* ColorsGame.swift */; };
		07E37C021E60E1040069ECBE /* body1.png in Resources */ = {isa = PBXBuildFile; fileRef = 07E37BFD1E60E1040069ECBE /* body1.png */; };
		07E37C031E60E1040069ECBE /* body2.png in Resources */ = {isa = PBXBuildFile; fileRef = 07E37BFE1E60E1040069ECBE /* body2.png */; };
		07E37C041E60E1040069ECBE /* body3.png in Resources */ = {isa = PBXBuildFile; fileRef = 07E37BFF1E60E1040069ECBE /* body3.png */; };
		07E37C051E60E1040069ECBE /* body4.png in Resources */ = {isa = PBXBuildFile; fileRef = 07E37C001E60E1040069ECBE /* body4.png */; };
		07E37C061E60E1040069ECBE /* body5.png in Resources */ = {isa = PBXBuildFile; fileRef = 07E37C011E60E1040069ECBE /* body5.png */; };
		07E37C0A1E60E1C30069ECBE /* head.png in Resources */ = {isa = PBXBuildFile; fileRef = 07E37C091E60E1C30069ECBE /* head.png */; };
		07EE6C9C1E59B504005EFB78 /* number3.png in Resources */ = {isa = PBXBuildFile; fileRef = 07EE6C981E59B504005EFB78 /* number3.png */; };
		07EE6C9D1E59B504005EFB78 /* number4.png in Resources */ = {isa = PBXBuildFile; fileRef = 07EE6C991E59B504005EFB78 /* number4.png */; };
		07EE6C9E1E59B504005EFB78 /* number5.png in Resources */ = {isa = PBXBuildFile; fileRef = 07EE6C9A1E59B504005EFB78 /* number5.png */; };
		07EE6CA31E59B562005EFB78 /* shadowNumber1.png in Resources */ = {isa = PBXBuildFile; fileRef = 07EE6C9F1E59B562005EFB78 /* shadowNumber1.png */; };
		07EE6CA41E59B562005EFB78 /* shadowNumber3.png in Resources */ = {isa = PBXBuildFile; fileRef = 07EE6CA01E59B562005EFB78 /* shadowNumber3.png */; };
		07EE6CA51E59B562005EFB78 /* shadowNumber4.png in Resources */ = {isa = PBXBuildFile; fileRef = 07EE6CA11E59B562005EFB78 /* shadowNumber4.png */; };
		07EE6CA61E59B562005EFB78 /* shadowNumber5.png in Resources */ = {isa = PBXBuildFile; fileRef = 07EE6CA21E59B562005EFB78 /* shadowNumber5.png */; };
		07EE6CAA1E59BCDD005EFB78 /* emitter_stars.sks in Resources */ = {isa = PBXBuildFile; fileRef = 07EE6CA91E59BCDD005EFB78 /* emitter_stars.sks */; };
		07EE6CAD1E59BDE1005EFB78 /* star_test.png in Resources */ = {isa = PBXBuildFile; fileRef = 07EE6CAC1E59BDE1005EFB78 /* star_test.png */; };
		07F155831E5C5EE600D2127E /* bigBoard.png in Resources */ = {isa = PBXBuildFile; fileRef = 07F155801E5C5EE600D2127E /* bigBoard.png */; };
		07F155841E5C5EE600D2127E /* plaque.png in Resources */ = {isa = PBXBuildFile; fileRef = 07F155811E5C5EE600D2127E /* plaque.png */; };
		07F155871E5C6C4C00D2127E /* WormGame.sks in Resources */ = {isa = PBXBuildFile; fileRef = 07F155861E5C6C4C00D2127E /* WormGame.sks */; };
		07F1558B1E5C6C8F00D2127E /* WormGame.swift in Sources */ = {isa = PBXBuildFile; fileRef = 07F1558A1E5C6C8F00D2127E /* WormGame.swift */; };
		07F5A5541E63A4B300A30AAB /* five.mp3 in Resources */ = {isa = PBXBuildFile; fileRef = 07F5A54F1E63A4B300A30AAB /* five.mp3 */; };
		07F5A5551E63A4B300A30AAB /* four.mp3 in Resources */ = {isa = PBXBuildFile; fileRef = 07F5A5501E63A4B300A30AAB /* four.mp3 */; };
		07F5A5561E63A4B300A30AAB /* one.mp3 in Resources */ = {isa = PBXBuildFile; fileRef = 07F5A5511E63A4B300A30AAB /* one.mp3 */; };
		07F5A5571E63A4B300A30AAB /* three.mp3 in Resources */ = {isa = PBXBuildFile; fileRef = 07F5A5521E63A4B300A30AAB /* three.mp3 */; };
		07F5A5581E63A4B300A30AAB /* two.mp3 in Resources */ = {isa = PBXBuildFile; fileRef = 07F5A5531E63A4B300A30AAB /* two.mp3 */; };
		07FE06F91E62FDC900308721 /* emitter_snow.sks in Resources */ = {isa = PBXBuildFile; fileRef = 07FE06F81E62FDC900308721 /* emitter_snow.sks */; };
		07FE06FB1E63029200308721 /* spark.png in Resources */ = {isa = PBXBuildFile; fileRef = 07FE06FA1E63029200308721 /* spark.png */; };
		07FF3F561E51E44C00625748 /* AppDelegate.swift in Sources */ = {isa = PBXBuildFile; fileRef = 07FF3F551E51E44C00625748 /* AppDelegate.swift */; };
		07FF3F581E51E44C00625748 /* GameScene.sks in Resources */ = {isa = PBXBuildFile; fileRef = 07FF3F571E51E44C00625748 /* GameScene.sks */; };
		07FF3F5A1E51E44C00625748 /* Actions.sks in Resources */ = {isa = PBXBuildFile; fileRef = 07FF3F591E51E44C00625748 /* Actions.sks */; };
		07FF3F5C1E51E44C00625748 /* Game.xcassets in Resources */ = {isa = PBXBuildFile; fileRef = 07FF3F5B1E51E44C00625748 /* Game.xcassets */; };
		07FF3F5E1E51E44C00625748 /* GameScene.swift in Sources */ = {isa = PBXBuildFile; fileRef = 07FF3F5D1E51E44C00625748 /* GameScene.swift */; };
		07FF3F601E51E44C00625748 /* GameViewController.swift in Sources */ = {isa = PBXBuildFile; fileRef = 07FF3F5F1E51E44C00625748 /* GameViewController.swift */; };
		07FF3F631E51E44C00625748 /* Main.storyboard in Resources */ = {isa = PBXBuildFile; fileRef = 07FF3F611E51E44C00625748 /* Main.storyboard */; };
		07FF3F651E51E44C00625748 /* Assets.xcassets in Resources */ = {isa = PBXBuildFile; fileRef = 07FF3F641E51E44C00625748 /* Assets.xcassets */; };
		07FF3F701E51E44C00625748 /* LousaDigitalTests.swift in Sources */ = {isa = PBXBuildFile; fileRef = 07FF3F6F1E51E44C00625748 /* LousaDigitalTests.swift */; };
		07FF3F7B1E51E44C00625748 /* LousaDigitalUITests.swift in Sources */ = {isa = PBXBuildFile; fileRef = 07FF3F7A1E51E44C00625748 /* LousaDigitalUITests.swift */; };
		07FF3F891E51E55500625748 /* Button.swift in Sources */ = {isa = PBXBuildFile; fileRef = 07FF3F881E51E55500625748 /* Button.swift */; };
		C6986D011E5C658500BBE73D /* SoundManager.swift in Sources */ = {isa = PBXBuildFile; fileRef = C6986D001E5C658500BBE73D /* SoundManager.swift */; };
		C6A374E41E5B29D5000DB97F /* petit.png in Resources */ = {isa = PBXBuildFile; fileRef = C6A374E31E5B29D5000DB97F /* petit.png */; };
		C6A374E61E5B2A44000DB97F /* VoiceManager.swift in Sources */ = {isa = PBXBuildFile; fileRef = C6A374E51E5B2A44000DB97F /* VoiceManager.swift */; };
		F10EF3F71E54D7EA0047EC7F /* MenuViewController.swift in Sources */ = {isa = PBXBuildFile; fileRef = F10EF3F61E54D7EA0047EC7F /* MenuViewController.swift */; };
		F16972C51E5E085500B3F196 /* NumbersGame.sks in Resources */ = {isa = PBXBuildFile; fileRef = F16972C41E5E085500B3F196 /* NumbersGame.sks */; };
		F16972C71E5E086000B3F196 /* ColorsGame.sks in Resources */ = {isa = PBXBuildFile; fileRef = F16972C61E5E086000B3F196 /* ColorsGame.sks */; };
		F16972C91E5E0A0F00B3F196 /* NumbersGame.swift in Sources */ = {isa = PBXBuildFile; fileRef = F16972C81E5E0A0F00B3F196 /* NumbersGame.swift */; };
		F1699B9F1E5486D60022208D /* MenuCollectionViewCell.swift in Sources */ = {isa = PBXBuildFile; fileRef = F1699B9D1E5486D60022208D /* MenuCollectionViewCell.swift */; };
		F1699BA01E5486D60022208D /* MenuRow.swift in Sources */ = {isa = PBXBuildFile; fileRef = F1699B9E1E5486D60022208D /* MenuRow.swift */; };
		F16BA4731E6850DA00DBDAA1 /* button click 2.wav in Resources */ = {isa = PBXBuildFile; fileRef = F16BA4721E6850DA00DBDAA1 /* button click 2.wav */; };
		F16BA4751E6853C300DBDAA1 /* color_thumbnails.png in Resources */ = {isa = PBXBuildFile; fileRef = F16BA4741E6853C300DBDAA1 /* color_thumbnails.png */; };
		F16BA4771E68579A00DBDAA1 /* button change.wav in Resources */ = {isa = PBXBuildFile; fileRef = F16BA4761E68579A00DBDAA1 /* button change.wav */; };
		F16BA47A1E68594B00DBDAA1 /* button change 2.wav in Resources */ = {isa = PBXBuildFile; fileRef = F16BA4781E68594B00DBDAA1 /* button change 2.wav */; };
		F16BA47B1E68594B00DBDAA1 /* button click.wav in Resources */ = {isa = PBXBuildFile; fileRef = F16BA4791E68594B00DBDAA1 /* button click.wav */; };
		F1D0740A1E5DD9AC0024933D /* LettersGame.sks in Resources */ = {isa = PBXBuildFile; fileRef = F1D074091E5DD9AC0024933D /* LettersGame.sks */; };
		F1D0740C1E5DDB290024933D /* LettersGame.swift in Sources */ = {isa = PBXBuildFile; fileRef = F1D0740B1E5DDB290024933D /* LettersGame.swift */; };
/* End PBXBuildFile section */

/* Begin PBXContainerItemProxy section */
		07FF3F6C1E51E44C00625748 /* PBXContainerItemProxy */ = {
			isa = PBXContainerItemProxy;
			containerPortal = 07FF3F4A1E51E44C00625748 /* Project object */;
			proxyType = 1;
			remoteGlobalIDString = 07FF3F511E51E44C00625748;
			remoteInfo = LousaDigital;
		};
		07FF3F771E51E44C00625748 /* PBXContainerItemProxy */ = {
			isa = PBXContainerItemProxy;
			containerPortal = 07FF3F4A1E51E44C00625748 /* Project object */;
			proxyType = 1;
			remoteGlobalIDString = 07FF3F511E51E44C00625748;
			remoteInfo = LousaDigital;
		};
/* End PBXContainerItemProxy section */

/* Begin PBXFileReference section */
		0734BFFC1E5718B100C1FC4B /* object1.png */ = {isa = PBXFileReference; lastKnownFileType = image.png; path = object1.png; sourceTree = "<group>"; };
		0734BFFD1E5718B100C1FC4B /* object2.png */ = {isa = PBXFileReference; lastKnownFileType = image.png; path = object2.png; sourceTree = "<group>"; };
		0734BFFE1E5718B100C1FC4B /* object3.png */ = {isa = PBXFileReference; lastKnownFileType = image.png; path = object3.png; sourceTree = "<group>"; };
		0734BFFF1E5718B100C1FC4B /* object4.png */ = {isa = PBXFileReference; lastKnownFileType = image.png; path = object4.png; sourceTree = "<group>"; };
		0734C0001E5718B100C1FC4B /* object5.png */ = {isa = PBXFileReference; lastKnownFileType = image.png; path = object5.png; sourceTree = "<group>"; };
		0734C0061E5718C300C1FC4B /* shadow1.png */ = {isa = PBXFileReference; lastKnownFileType = image.png; path = shadow1.png; sourceTree = "<group>"; };
		0734C0071E5718C300C1FC4B /* shadow2.png */ = {isa = PBXFileReference; lastKnownFileType = image.png; path = shadow2.png; sourceTree = "<group>"; };
		0734C0081E5718C300C1FC4B /* shadow3.png */ = {isa = PBXFileReference; lastKnownFileType = image.png; path = shadow3.png; sourceTree = "<group>"; };
		0734C0091E5718C300C1FC4B /* shadow4.png */ = {isa = PBXFileReference; lastKnownFileType = image.png; path = shadow4.png; sourceTree = "<group>"; };
		0734C00A1E5718C300C1FC4B /* shadow5.png */ = {isa = PBXFileReference; lastKnownFileType = image.png; path = shadow5.png; sourceTree = "<group>"; };
		0734C0101E5718D300C1FC4B /* letter1.png */ = {isa = PBXFileReference; lastKnownFileType = image.png; path = letter1.png; sourceTree = "<group>"; };
		0734C0111E5718D300C1FC4B /* letter2.png */ = {isa = PBXFileReference; lastKnownFileType = image.png; path = letter2.png; sourceTree = "<group>"; };
		0734C0121E5718D300C1FC4B /* letter3.png */ = {isa = PBXFileReference; lastKnownFileType = image.png; path = letter3.png; sourceTree = "<group>"; };
		0734C0131E5718D300C1FC4B /* letter4.png */ = {isa = PBXFileReference; lastKnownFileType = image.png; path = letter4.png; sourceTree = "<group>"; };
		0734C0141E5718D300C1FC4B /* letter5.png */ = {isa = PBXFileReference; lastKnownFileType = image.png; path = letter5.png; sourceTree = "<group>"; };
		0734C01D1E57211200C1FC4B /* EndGame.sks */ = {isa = PBXFileReference; lastKnownFileType = file.sks; name = EndGame.sks; path = ../EndGame.sks; sourceTree = "<group>"; };
		0734C01F1E5721A700C1FC4B /* homeBtn.png */ = {isa = PBXFileReference; lastKnownFileType = image.png; path = homeBtn.png; sourceTree = "<group>"; };
		0734C0211E5721E100C1FC4B /* restartBtn.png */ = {isa = PBXFileReference; lastKnownFileType = image.png; path = restartBtn.png; sourceTree = "<group>"; };
		0734C0231E57225800C1FC4B /* EndGame.swift */ = {isa = PBXFileReference; fileEncoding = 4; lastKnownFileType = sourcecode.swift; path = EndGame.swift; sourceTree = "<group>"; };
		0753ED251E62685300504F31 /* StringExtensions.swift */ = {isa = PBXFileReference; fileEncoding = 4; lastKnownFileType = sourcecode.swift; path = StringExtensions.swift; sourceTree = "<group>"; };
		075666B01E5A41180009FE7A /* number2.png */ = {isa = PBXFileReference; lastKnownFileType = image.png; path = number2.png; sourceTree = "<group>"; };
		075666B21E5A41200009FE7A /* shadowNumber2.png */ = {isa = PBXFileReference; lastKnownFileType = image.png; path = shadowNumber2.png; sourceTree = "<group>"; };
		075666BA1E5A555F0009FE7A /* number1.png */ = {isa = PBXFileReference; lastKnownFileType = image.png; path = number1.png; sourceTree = "<group>"; };
		077D5B931E5C726F0016EBFC /* numberBody1.png */ = {isa = PBXFileReference; lastKnownFileType = image.png; path = numberBody1.png; sourceTree = "<group>"; };
		077D5B941E5C726F0016EBFC /* numberBody2.png */ = {isa = PBXFileReference; lastKnownFileType = image.png; path = numberBody2.png; sourceTree = "<group>"; };
		077D5B951E5C726F0016EBFC /* numberBody3.png */ = {isa = PBXFileReference; lastKnownFileType = image.png; path = numberBody3.png; sourceTree = "<group>"; };
		077D5B961E5C726F0016EBFC /* numberBody4.png */ = {isa = PBXFileReference; lastKnownFileType = image.png; path = numberBody4.png; sourceTree = "<group>"; };
		077D5B971E5C726F0016EBFC /* numberBody5.png */ = {isa = PBXFileReference; lastKnownFileType = image.png; path = numberBody5.png; sourceTree = "<group>"; };
		0783524F1E64877600FF0E65 /* owlBody.png */ = {isa = PBXFileReference; lastKnownFileType = image.png; path = owlBody.png; sourceTree = "<group>"; };
		078352521E64879700FF0E65 /* eye1.png */ = {isa = PBXFileReference; lastKnownFileType = image.png; path = eye1.png; sourceTree = "<group>"; };
		078352581E6489B800FF0E65 /* eye2.png */ = {isa = PBXFileReference; lastKnownFileType = image.png; path = eye2.png; sourceTree = "<group>"; };
		078352591E6489B800FF0E65 /* eye3.png */ = {isa = PBXFileReference; lastKnownFileType = image.png; path = eye3.png; sourceTree = "<group>"; };
		0784C8E71E5DB801007A1D1C /* board.png */ = {isa = PBXFileReference; lastKnownFileType = image.png; path = board.png; sourceTree = "<group>"; };
		078CCEE31E61ED9800E99544 /* ActivityScene.swift */ = {isa = PBXFileReference; fileEncoding = 4; lastKnownFileType = sourcecode.swift; path = ActivityScene.swift; sourceTree = "<group>"; };
		07C0B11B1E5785FD001C6733 /* Menu.sks */ = {isa = PBXFileReference; lastKnownFileType = file.sks; path = Menu.sks; sourceTree = "<group>"; };
		07C0B11D1E57868B001C6733 /* Menu.swift */ = {isa = PBXFileReference; fileEncoding = 4; lastKnownFileType = sourcecode.swift; path = Menu.swift; sourceTree = "<group>"; };
		07C66B431E54757D00E5A818 /* MatchingGame.swift */ = {isa = PBXFileReference; fileEncoding = 4; lastKnownFileType = sourcecode.swift; path = MatchingGame.swift; sourceTree = "<group>"; };
		07C66B451E54758C00E5A818 /* MatchingGame.sks */ = {isa = PBXFileReference; lastKnownFileType = file.sks; path = MatchingGame.sks; sourceTree = "<group>"; };
		07CB5F621E64920200DE42D6 /* wingClosed.png */ = {isa = PBXFileReference; lastKnownFileType = image.png; path = wingClosed.png; sourceTree = "<group>"; };
		07CB5F631E64920200DE42D6 /* wingLeft.png */ = {isa = PBXFileReference; lastKnownFileType = image.png; path = wingLeft.png; sourceTree = "<group>"; };
		07CB5F641E64920200DE42D6 /* wingRight.png */ = {isa = PBXFileReference; lastKnownFileType = image.png; path = wingRight.png; sourceTree = "<group>"; };
		07CB5F681E64956400DE42D6 /* wingClosedR.png */ = {isa = PBXFileReference; lastKnownFileType = image.png; path = wingClosedR.png; sourceTree = "<group>"; };
		07DD16951E5F2B2E00A46084 /* owlBeak.png */ = {isa = PBXFileReference; lastKnownFileType = image.png; path = owlBeak.png; sourceTree = "<group>"; };
		07DD16961E5F2B2E00A46084 /* owlFoot.png */ = {isa = PBXFileReference; lastKnownFileType = image.png; path = owlFoot.png; sourceTree = "<group>"; };
		07DEA58B1E539071007F4EEC /* CountingGame.sks */ = {isa = PBXFileReference; lastKnownFileType = file.sks; path = CountingGame.sks; sourceTree = "<group>"; };
		07DEA58D1E539115007F4EEC /* CountingGame.swift */ = {isa = PBXFileReference; fileEncoding = 4; lastKnownFileType = sourcecode.swift; path = CountingGame.swift; sourceTree = "<group>"; };
		07E37BDD1E60D5860069ECBE /* bluePencil.png */ = {isa = PBXFileReference; lastKnownFileType = image.png; path = bluePencil.png; sourceTree = "<group>"; };
		07E37BDE1E60D5860069ECBE /* greenPencil.png */ = {isa = PBXFileReference; lastKnownFileType = image.png; path = greenPencil.png; sourceTree = "<group>"; };
		07E37BDF1E60D5860069ECBE /* orangePencil.png */ = {isa = PBXFileReference; lastKnownFileType = image.png; path = orangePencil.png; sourceTree = "<group>"; };
		07E37BE01E60D5860069ECBE /* pinkPencil.png */ = {isa = PBXFileReference; lastKnownFileType = image.png; path = pinkPencil.png; sourceTree = "<group>"; };
		07E37BE11E60D5860069ECBE /* purplePencil.png */ = {isa = PBXFileReference; lastKnownFileType = image.png; path = purplePencil.png; sourceTree = "<group>"; };
		07E37BE21E60D5860069ECBE /* redPencil.png */ = {isa = PBXFileReference; lastKnownFileType = image.png; path = redPencil.png; sourceTree = "<group>"; };
		07E37BE31E60D5860069ECBE /* yellowPencil.png */ = {isa = PBXFileReference; lastKnownFileType = image.png; path = yellowPencil.png; sourceTree = "<group>"; };
		07E37BEB1E60D5A90069ECBE /* blue.png */ = {isa = PBXFileReference; lastKnownFileType = image.png; path = blue.png; sourceTree = "<group>"; };
		07E37BEC1E60D5A90069ECBE /* green.png */ = {isa = PBXFileReference; lastKnownFileType = image.png; path = green.png; sourceTree = "<group>"; };
		07E37BED1E60D5A90069ECBE /* orange.png */ = {isa = PBXFileReference; lastKnownFileType = image.png; path = orange.png; sourceTree = "<group>"; };
		07E37BEE1E60D5A90069ECBE /* pink.png */ = {isa = PBXFileReference; lastKnownFileType = image.png; path = pink.png; sourceTree = "<group>"; };
		07E37BEF1E60D5A90069ECBE /* purple.png */ = {isa = PBXFileReference; lastKnownFileType = image.png; path = purple.png; sourceTree = "<group>"; };
		07E37BF01E60D5A90069ECBE /* red.png */ = {isa = PBXFileReference; lastKnownFileType = image.png; path = red.png; sourceTree = "<group>"; };
		07E37BF11E60D5A90069ECBE /* yellow.png */ = {isa = PBXFileReference; lastKnownFileType = image.png; path = yellow.png; sourceTree = "<group>"; };
		07E37BF91E60D8880069ECBE /* ColorsGame.swift */ = {isa = PBXFileReference; fileEncoding = 4; lastKnownFileType = sourcecode.swift; path = ColorsGame.swift; sourceTree = "<group>"; };
		07E37BFD1E60E1040069ECBE /* body1.png */ = {isa = PBXFileReference; lastKnownFileType = image.png; path = body1.png; sourceTree = "<group>"; };
		07E37BFE1E60E1040069ECBE /* body2.png */ = {isa = PBXFileReference; lastKnownFileType = image.png; path = body2.png; sourceTree = "<group>"; };
		07E37BFF1E60E1040069ECBE /* body3.png */ = {isa = PBXFileReference; lastKnownFileType = image.png; path = body3.png; sourceTree = "<group>"; };
		07E37C001E60E1040069ECBE /* body4.png */ = {isa = PBXFileReference; lastKnownFileType = image.png; path = body4.png; sourceTree = "<group>"; };
		07E37C011E60E1040069ECBE /* body5.png */ = {isa = PBXFileReference; lastKnownFileType = image.png; path = body5.png; sourceTree = "<group>"; };
		07E37C091E60E1C30069ECBE /* head.png */ = {isa = PBXFileReference; lastKnownFileType = image.png; path = head.png; sourceTree = "<group>"; };
		07EE6C981E59B504005EFB78 /* number3.png */ = {isa = PBXFileReference; lastKnownFileType = image.png; path = number3.png; sourceTree = "<group>"; };
		07EE6C991E59B504005EFB78 /* number4.png */ = {isa = PBXFileReference; lastKnownFileType = image.png; path = number4.png; sourceTree = "<group>"; };
		07EE6C9A1E59B504005EFB78 /* number5.png */ = {isa = PBXFileReference; lastKnownFileType = image.png; path = number5.png; sourceTree = "<group>"; };
		07EE6C9F1E59B562005EFB78 /* shadowNumber1.png */ = {isa = PBXFileReference; lastKnownFileType = image.png; path = shadowNumber1.png; sourceTree = "<group>"; };
		07EE6CA01E59B562005EFB78 /* shadowNumber3.png */ = {isa = PBXFileReference; lastKnownFileType = image.png; path = shadowNumber3.png; sourceTree = "<group>"; };
		07EE6CA11E59B562005EFB78 /* shadowNumber4.png */ = {isa = PBXFileReference; lastKnownFileType = image.png; path = shadowNumber4.png; sourceTree = "<group>"; };
		07EE6CA21E59B562005EFB78 /* shadowNumber5.png */ = {isa = PBXFileReference; lastKnownFileType = image.png; path = shadowNumber5.png; sourceTree = "<group>"; };
		07EE6CA91E59BCDD005EFB78 /* emitter_stars.sks */ = {isa = PBXFileReference; lastKnownFileType = file.sks; name = emitter_stars.sks; path = ../emitter_stars.sks; sourceTree = "<group>"; };
		07EE6CAC1E59BDE1005EFB78 /* star_test.png */ = {isa = PBXFileReference; lastKnownFileType = image.png; path = star_test.png; sourceTree = "<group>"; };
		07F155801E5C5EE600D2127E /* bigBoard.png */ = {isa = PBXFileReference; lastKnownFileType = image.png; path = bigBoard.png; sourceTree = "<group>"; };
		07F155811E5C5EE600D2127E /* plaque.png */ = {isa = PBXFileReference; lastKnownFileType = image.png; path = plaque.png; sourceTree = "<group>"; };
		07F155861E5C6C4C00D2127E /* WormGame.sks */ = {isa = PBXFileReference; lastKnownFileType = file.sks; path = WormGame.sks; sourceTree = "<group>"; };
		07F1558A1E5C6C8F00D2127E /* WormGame.swift */ = {isa = PBXFileReference; fileEncoding = 4; lastKnownFileType = sourcecode.swift; name = WormGame.swift; path = ../WormGame.swift; sourceTree = "<group>"; };
		07F5A54F1E63A4B300A30AAB /* five.mp3 */ = {isa = PBXFileReference; lastKnownFileType = audio.mp3; path = five.mp3; sourceTree = "<group>"; };
		07F5A5501E63A4B300A30AAB /* four.mp3 */ = {isa = PBXFileReference; lastKnownFileType = audio.mp3; path = four.mp3; sourceTree = "<group>"; };
		07F5A5511E63A4B300A30AAB /* one.mp3 */ = {isa = PBXFileReference; lastKnownFileType = audio.mp3; path = one.mp3; sourceTree = "<group>"; };
		07F5A5521E63A4B300A30AAB /* three.mp3 */ = {isa = PBXFileReference; lastKnownFileType = audio.mp3; path = three.mp3; sourceTree = "<group>"; };
		07F5A5531E63A4B300A30AAB /* two.mp3 */ = {isa = PBXFileReference; lastKnownFileType = audio.mp3; path = two.mp3; sourceTree = "<group>"; };
		07FE06F81E62FDC900308721 /* emitter_snow.sks */ = {isa = PBXFileReference; lastKnownFileType = file.sks; path = emitter_snow.sks; sourceTree = "<group>"; };
		07FE06FA1E63029200308721 /* spark.png */ = {isa = PBXFileReference; lastKnownFileType = image.png; path = spark.png; sourceTree = "<group>"; };
		07FF3F521E51E44C00625748 /* LousaDigital.app */ = {isa = PBXFileReference; explicitFileType = wrapper.application; includeInIndex = 0; path = LousaDigital.app; sourceTree = BUILT_PRODUCTS_DIR; };
		07FF3F551E51E44C00625748 /* AppDelegate.swift */ = {isa = PBXFileReference; lastKnownFileType = sourcecode.swift; path = AppDelegate.swift; sourceTree = "<group>"; };
		07FF3F571E51E44C00625748 /* GameScene.sks */ = {isa = PBXFileReference; lastKnownFileType = file.sks; path = GameScene.sks; sourceTree = "<group>"; };
		07FF3F591E51E44C00625748 /* Actions.sks */ = {isa = PBXFileReference; lastKnownFileType = file.sks; path = Actions.sks; sourceTree = "<group>"; };
		07FF3F5B1E51E44C00625748 /* Game.xcassets */ = {isa = PBXFileReference; lastKnownFileType = folder.assetcatalog; path = Game.xcassets; sourceTree = "<group>"; };
		07FF3F5D1E51E44C00625748 /* GameScene.swift */ = {isa = PBXFileReference; lastKnownFileType = sourcecode.swift; path = GameScene.swift; sourceTree = "<group>"; };
		07FF3F5F1E51E44C00625748 /* GameViewController.swift */ = {isa = PBXFileReference; lastKnownFileType = sourcecode.swift; path = GameViewController.swift; sourceTree = "<group>"; };
		07FF3F621E51E44C00625748 /* Base */ = {isa = PBXFileReference; lastKnownFileType = file.storyboard; name = Base; path = Base.lproj/Main.storyboard; sourceTree = "<group>"; };
		07FF3F641E51E44C00625748 /* Assets.xcassets */ = {isa = PBXFileReference; lastKnownFileType = folder.assetcatalog; path = Assets.xcassets; sourceTree = "<group>"; };
		07FF3F661E51E44C00625748 /* Info.plist */ = {isa = PBXFileReference; lastKnownFileType = text.plist.xml; path = Info.plist; sourceTree = "<group>"; };
		07FF3F6B1E51E44C00625748 /* LousaDigitalTests.xctest */ = {isa = PBXFileReference; explicitFileType = wrapper.cfbundle; includeInIndex = 0; path = LousaDigitalTests.xctest; sourceTree = BUILT_PRODUCTS_DIR; };
		07FF3F6F1E51E44C00625748 /* LousaDigitalTests.swift */ = {isa = PBXFileReference; lastKnownFileType = sourcecode.swift; path = LousaDigitalTests.swift; sourceTree = "<group>"; };
		07FF3F711E51E44C00625748 /* Info.plist */ = {isa = PBXFileReference; lastKnownFileType = text.plist.xml; path = Info.plist; sourceTree = "<group>"; };
		07FF3F761E51E44C00625748 /* LousaDigitalUITests.xctest */ = {isa = PBXFileReference; explicitFileType = wrapper.cfbundle; includeInIndex = 0; path = LousaDigitalUITests.xctest; sourceTree = BUILT_PRODUCTS_DIR; };
		07FF3F7A1E51E44C00625748 /* LousaDigitalUITests.swift */ = {isa = PBXFileReference; lastKnownFileType = sourcecode.swift; path = LousaDigitalUITests.swift; sourceTree = "<group>"; };
		07FF3F7C1E51E44C00625748 /* Info.plist */ = {isa = PBXFileReference; lastKnownFileType = text.plist.xml; path = Info.plist; sourceTree = "<group>"; };
		07FF3F881E51E55500625748 /* Button.swift */ = {isa = PBXFileReference; fileEncoding = 4; lastKnownFileType = sourcecode.swift; path = Button.swift; sourceTree = "<group>"; };
		C6986D001E5C658500BBE73D /* SoundManager.swift */ = {isa = PBXFileReference; fileEncoding = 4; lastKnownFileType = sourcecode.swift; path = SoundManager.swift; sourceTree = "<group>"; };
		C6A374E31E5B29D5000DB97F /* petit.png */ = {isa = PBXFileReference; lastKnownFileType = image.png; path = petit.png; sourceTree = "<group>"; };
		C6A374E51E5B2A44000DB97F /* VoiceManager.swift */ = {isa = PBXFileReference; fileEncoding = 4; lastKnownFileType = sourcecode.swift; path = VoiceManager.swift; sourceTree = "<group>"; };
		F10EF3F61E54D7EA0047EC7F /* MenuViewController.swift */ = {isa = PBXFileReference; fileEncoding = 4; lastKnownFileType = sourcecode.swift; path = MenuViewController.swift; sourceTree = "<group>"; };
		F16972C41E5E085500B3F196 /* NumbersGame.sks */ = {isa = PBXFileReference; lastKnownFileType = file.sks; path = NumbersGame.sks; sourceTree = "<group>"; };
		F16972C61E5E086000B3F196 /* ColorsGame.sks */ = {isa = PBXFileReference; lastKnownFileType = file.sks; path = ColorsGame.sks; sourceTree = "<group>"; };
		F16972C81E5E0A0F00B3F196 /* NumbersGame.swift */ = {isa = PBXFileReference; fileEncoding = 4; lastKnownFileType = sourcecode.swift; path = NumbersGame.swift; sourceTree = "<group>"; };
		F1699B9D1E5486D60022208D /* MenuCollectionViewCell.swift */ = {isa = PBXFileReference; fileEncoding = 4; lastKnownFileType = sourcecode.swift; path = MenuCollectionViewCell.swift; sourceTree = "<group>"; };
		F1699B9E1E5486D60022208D /* MenuRow.swift */ = {isa = PBXFileReference; fileEncoding = 4; lastKnownFileType = sourcecode.swift; path = MenuRow.swift; sourceTree = "<group>"; };
		F16BA4721E6850DA00DBDAA1 /* button click 2.wav */ = {isa = PBXFileReference; lastKnownFileType = audio.wav; path = "button click 2.wav"; sourceTree = "<group>"; };
		F16BA4741E6853C300DBDAA1 /* color_thumbnails.png */ = {isa = PBXFileReference; lastKnownFileType = image.png; path = color_thumbnails.png; sourceTree = "<group>"; };
		F16BA4761E68579A00DBDAA1 /* button change.wav */ = {isa = PBXFileReference; lastKnownFileType = audio.wav; path = "button change.wav"; sourceTree = "<group>"; };
		F16BA4781E68594B00DBDAA1 /* button change 2.wav */ = {isa = PBXFileReference; lastKnownFileType = audio.wav; path = "button change 2.wav"; sourceTree = "<group>"; };
		F16BA4791E68594B00DBDAA1 /* button click.wav */ = {isa = PBXFileReference; lastKnownFileType = audio.wav; path = "button click.wav"; sourceTree = "<group>"; };
		F1D074091E5DD9AC0024933D /* LettersGame.sks */ = {isa = PBXFileReference; lastKnownFileType = file.sks; path = LettersGame.sks; sourceTree = "<group>"; };
		F1D0740B1E5DDB290024933D /* LettersGame.swift */ = {isa = PBXFileReference; fileEncoding = 4; lastKnownFileType = sourcecode.swift; path = LettersGame.swift; sourceTree = "<group>"; };
/* End PBXFileReference section */

/* Begin PBXFrameworksBuildPhase section */
		07FF3F4F1E51E44C00625748 /* Frameworks */ = {
			isa = PBXFrameworksBuildPhase;
			buildActionMask = 2147483647;
			files = (
			);
			runOnlyForDeploymentPostprocessing = 0;
		};
		07FF3F681E51E44C00625748 /* Frameworks */ = {
			isa = PBXFrameworksBuildPhase;
			buildActionMask = 2147483647;
			files = (
			);
			runOnlyForDeploymentPostprocessing = 0;
		};
		07FF3F731E51E44C00625748 /* Frameworks */ = {
			isa = PBXFrameworksBuildPhase;
			buildActionMask = 2147483647;
			files = (
			);
			runOnlyForDeploymentPostprocessing = 0;
		};
/* End PBXFrameworksBuildPhase section */

/* Begin PBXGroup section */
		0712ECBC1E537C990026AF80 /* Arts */ = {
			isa = PBXGroup;
			children = (
				07DD16941E5F2A1D00A46084 /* Owl */,
				07E37BDA1E60D4D90069ECBE /* ColorsGame */,
				07F1558C1E5C6F6A00D2127E /* WormGame */,
				07F155791E5C5E2E00D2127E /* Backgrounds */,
				07C66B481E5485B900E5A818 /* Objects */,
				07C0B11F1E57931C001C6733 /* Menu */,
				0734C01C1E5720F500C1FC4B /* EndGame */,
				07C66B6B1E54A22700E5A818 /* CountingGame */,
				07C66B471E5485A400E5A818 /* MatchingGame */,
			);
			name = Arts;
			sourceTree = "<group>";
		};
		0734C01C1E5720F500C1FC4B /* EndGame */ = {
			isa = PBXGroup;
			children = (
				0734C0211E5721E100C1FC4B /* restartBtn.png */,
				0734C01F1E5721A700C1FC4B /* homeBtn.png */,
			);
			name = EndGame;
			sourceTree = "<group>";
		};
		0753ED241E62683B00504F31 /* Extensions */ = {
			isa = PBXGroup;
			children = (
				0753ED251E62685300504F31 /* StringExtensions.swift */,
			);
			name = Extensions;
			sourceTree = "<group>";
		};
		076E3E9D1E626E78009D8EE2 /* MatchingGame */ = {
			isa = PBXGroup;
			children = (
				07C66B451E54758C00E5A818 /* MatchingGame.sks */,
				07C66B431E54757D00E5A818 /* MatchingGame.swift */,
			);
			name = MatchingGame;
			sourceTree = "<group>";
		};
		076E3E9E1E626E9D009D8EE2 /* CountingGame */ = {
			isa = PBXGroup;
			children = (
				07DEA58D1E539115007F4EEC /* CountingGame.swift */,
				07DEA58B1E539071007F4EEC /* CountingGame.sks */,
			);
			name = CountingGame;
			sourceTree = "<group>";
		};
		076E3E9F1E626EBC009D8EE2 /* WormGame */ = {
			isa = PBXGroup;
			children = (
				07F155861E5C6C4C00D2127E /* WormGame.sks */,
				07F1558A1E5C6C8F00D2127E /* WormGame.swift */,
			);
			name = WormGame;
			sourceTree = "<group>";
		};
		076E3EA01E626ED5009D8EE2 /* MenuScene */ = {
			isa = PBXGroup;
			children = (
				07C0B11B1E5785FD001C6733 /* Menu.sks */,
				07C0B11D1E57868B001C6733 /* Menu.swift */,
			);
			name = MenuScene;
			sourceTree = "<group>";
		};
		076E3EA11E626EE8009D8EE2 /* LettersGame */ = {
			isa = PBXGroup;
			children = (
				F1D0740B1E5DDB290024933D /* LettersGame.swift */,
				F1D074091E5DD9AC0024933D /* LettersGame.sks */,
			);
			name = LettersGame;
			sourceTree = "<group>";
		};
		076E3EA21E626F03009D8EE2 /* NumbersGame */ = {
			isa = PBXGroup;
			children = (
				F16972C41E5E085500B3F196 /* NumbersGame.sks */,
				F16972C81E5E0A0F00B3F196 /* NumbersGame.swift */,
			);
			name = NumbersGame;
			sourceTree = "<group>";
		};
		076E3EA31E626F29009D8EE2 /* ColorsGame */ = {
			isa = PBXGroup;
			children = (
				F16972C61E5E086000B3F196 /* ColorsGame.sks */,
				07E37BF91E60D8880069ECBE /* ColorsGame.swift */,
			);
			name = ColorsGame;
			sourceTree = "<group>";
		};
		076E3EA41E626F76009D8EE2 /* EndGame */ = {
			isa = PBXGroup;
			children = (
				0734C01D1E57211200C1FC4B /* EndGame.sks */,
				0734C0231E57225800C1FC4B /* EndGame.swift */,
			);
			name = EndGame;
			sourceTree = "<group>";
		};
		077D5B921E5C722A0016EBFC /* NumbersBody */ = {
			isa = PBXGroup;
			children = (
				077D5B931E5C726F0016EBFC /* numberBody1.png */,
				077D5B941E5C726F0016EBFC /* numberBody2.png */,
				077D5B951E5C726F0016EBFC /* numberBody3.png */,
				077D5B961E5C726F0016EBFC /* numberBody4.png */,
				077D5B971E5C726F0016EBFC /* numberBody5.png */,
			);
			name = NumbersBody;
			sourceTree = "<group>";
		};
		078352511E64878400FF0E65 /* owlEyes */ = {
			isa = PBXGroup;
			children = (
				078352521E64879700FF0E65 /* eye1.png */,
				078352581E6489B800FF0E65 /* eye2.png */,
				078352591E6489B800FF0E65 /* eye3.png */,
			);
			name = owlEyes;
			sourceTree = "<group>";
		};
		07C0B11F1E57931C001C6733 /* Menu */ = {
			isa = PBXGroup;
			children = (
				C6A374E31E5B29D5000DB97F /* petit.png */,
			);
			name = Menu;
			sourceTree = "<group>";
		};
		07C66B471E5485A400E5A818 /* MatchingGame */ = {
			isa = PBXGroup;
			children = (
				07C66B541E54875200E5A818 /* Shadows */,
				07C66B531E54874A00E5A818 /* Letters */,
			);
			name = MatchingGame;
			sourceTree = "<group>";
		};
		07C66B481E5485B900E5A818 /* Objects */ = {
			isa = PBXGroup;
			children = (
				0734BFFC1E5718B100C1FC4B /* object1.png */,
				0734BFFD1E5718B100C1FC4B /* object2.png */,
				0734BFFE1E5718B100C1FC4B /* object3.png */,
				0734BFFF1E5718B100C1FC4B /* object4.png */,
				0734C0001E5718B100C1FC4B /* object5.png */,
			);
			name = Objects;
			sourceTree = "<group>";
		};
		07C66B531E54874A00E5A818 /* Letters */ = {
			isa = PBXGroup;
			children = (
				0734C0101E5718D300C1FC4B /* letter1.png */,
				0734C0111E5718D300C1FC4B /* letter2.png */,
				0734C0121E5718D300C1FC4B /* letter3.png */,
				0734C0131E5718D300C1FC4B /* letter4.png */,
				0734C0141E5718D300C1FC4B /* letter5.png */,
			);
			name = Letters;
			sourceTree = "<group>";
		};
		07C66B541E54875200E5A818 /* Shadows */ = {
			isa = PBXGroup;
			children = (
				0734C0061E5718C300C1FC4B /* shadow1.png */,
				0734C0071E5718C300C1FC4B /* shadow2.png */,
				0734C0081E5718C300C1FC4B /* shadow3.png */,
				0734C0091E5718C300C1FC4B /* shadow4.png */,
				0734C00A1E5718C300C1FC4B /* shadow5.png */,
			);
			name = Shadows;
			sourceTree = "<group>";
		};
		07C66B691E54A1C800E5A818 /* Scenes */ = {
			isa = PBXGroup;
			children = (
				07FF3F571E51E44C00625748 /* GameScene.sks */,
				076E3EA41E626F76009D8EE2 /* EndGame */,
				076E3EA31E626F29009D8EE2 /* ColorsGame */,
				076E3EA21E626F03009D8EE2 /* NumbersGame */,
				076E3EA11E626EE8009D8EE2 /* LettersGame */,
				076E3EA01E626ED5009D8EE2 /* MenuScene */,
				076E3E9F1E626EBC009D8EE2 /* WormGame */,
				076E3E9E1E626E9D009D8EE2 /* CountingGame */,
				076E3E9D1E626E78009D8EE2 /* MatchingGame */,
			);
			name = Scenes;
			sourceTree = "<group>";
		};
		07C66B6A1E54A1EC00E5A818 /* Managers */ = {
			isa = PBXGroup;
			children = (
				07FF3F881E51E55500625748 /* Button.swift */,
				C6A374E51E5B2A44000DB97F /* VoiceManager.swift */,
				078CCEE31E61ED9800E99544 /* ActivityScene.swift */,
				C6986D001E5C658500BBE73D /* SoundManager.swift */,
			);
			name = Managers;
			sourceTree = "<group>";
		};
		07C66B6B1E54A22700E5A818 /* CountingGame */ = {
			isa = PBXGroup;
			children = (
				07DDEE761E57BC4300BFB4A2 /* Shadows */,
				07DDEE741E57B85300BFB4A2 /* Objects */,
				07DDEE751E57B85E00BFB4A2 /* Numbers */,
			);
			name = CountingGame;
			sourceTree = "<group>";
		};
		07CB5F611E6491EF00DE42D6 /* owlWings */ = {
			isa = PBXGroup;
			children = (
				07CB5F621E64920200DE42D6 /* wingClosed.png */,
				07CB5F681E64956400DE42D6 /* wingClosedR.png */,
				07CB5F631E64920200DE42D6 /* wingLeft.png */,
				07CB5F641E64920200DE42D6 /* wingRight.png */,
			);
			name = owlWings;
			sourceTree = "<group>";
		};
		07DD16941E5F2A1D00A46084 /* Owl */ = {
			isa = PBXGroup;
			children = (
				07CB5F611E6491EF00DE42D6 /* owlWings */,
				078352511E64878400FF0E65 /* owlEyes */,
				07DD16951E5F2B2E00A46084 /* owlBeak.png */,
				0783524F1E64877600FF0E65 /* owlBody.png */,
				07DD16961E5F2B2E00A46084 /* owlFoot.png */,
			);
			name = Owl;
			sourceTree = "<group>";
		};
		07DDEE741E57B85300BFB4A2 /* Objects */ = {
			isa = PBXGroup;
			children = (
			);
			name = Objects;
			sourceTree = "<group>";
		};
		07DDEE751E57B85E00BFB4A2 /* Numbers */ = {
			isa = PBXGroup;
			children = (
				075666BA1E5A555F0009FE7A /* number1.png */,
				075666B01E5A41180009FE7A /* number2.png */,
				07EE6C981E59B504005EFB78 /* number3.png */,
				07EE6C991E59B504005EFB78 /* number4.png */,
				07EE6C9A1E59B504005EFB78 /* number5.png */,
			);
			name = Numbers;
			sourceTree = "<group>";
		};
		07DDEE761E57BC4300BFB4A2 /* Shadows */ = {
			isa = PBXGroup;
			children = (
				07EE6C9F1E59B562005EFB78 /* shadowNumber1.png */,
				075666B21E5A41200009FE7A /* shadowNumber2.png */,
				07EE6CA01E59B562005EFB78 /* shadowNumber3.png */,
				07EE6CA11E59B562005EFB78 /* shadowNumber4.png */,
				07EE6CA21E59B562005EFB78 /* shadowNumber5.png */,
			);
			name = Shadows;
			sourceTree = "<group>";
		};
		07E37BDA1E60D4D90069ECBE /* ColorsGame */ = {
			isa = PBXGroup;
			children = (
				F16BA4741E6853C300DBDAA1 /* color_thumbnails.png */,
				07E37BDC1E60D55E0069ECBE /* Pencils */,
				07E37BDB1E60D5540069ECBE /* Colors */,
			);
			name = ColorsGame;
			sourceTree = "<group>";
		};
		07E37BDB1E60D5540069ECBE /* Colors */ = {
			isa = PBXGroup;
			children = (
				07E37BEB1E60D5A90069ECBE /* blue.png */,
				07E37BEC1E60D5A90069ECBE /* green.png */,
				07E37BED1E60D5A90069ECBE /* orange.png */,
				07E37BEE1E60D5A90069ECBE /* pink.png */,
				07E37BEF1E60D5A90069ECBE /* purple.png */,
				07E37BF01E60D5A90069ECBE /* red.png */,
				07E37BF11E60D5A90069ECBE /* yellow.png */,
			);
			name = Colors;
			sourceTree = "<group>";
		};
		07E37BDC1E60D55E0069ECBE /* Pencils */ = {
			isa = PBXGroup;
			children = (
				07E37BDD1E60D5860069ECBE /* bluePencil.png */,
				07E37BDE1E60D5860069ECBE /* greenPencil.png */,
				07E37BDF1E60D5860069ECBE /* orangePencil.png */,
				07E37BE01E60D5860069ECBE /* pinkPencil.png */,
				07E37BE11E60D5860069ECBE /* purplePencil.png */,
				07E37BE21E60D5860069ECBE /* redPencil.png */,
				07E37BE31E60D5860069ECBE /* yellowPencil.png */,
			);
			name = Pencils;
			sourceTree = "<group>";
		};
		07EE6CAB1E59BCEB005EFB78 /* Particles */ = {
			isa = PBXGroup;
			children = (
				07FE06FA1E63029200308721 /* spark.png */,
				07FE06F81E62FDC900308721 /* emitter_snow.sks */,
				07EE6CAC1E59BDE1005EFB78 /* star_test.png */,
				07EE6CA91E59BCDD005EFB78 /* emitter_stars.sks */,
			);
			name = Particles;
			sourceTree = "<group>";
		};
		07F155791E5C5E2E00D2127E /* Backgrounds */ = {
			isa = PBXGroup;
			children = (
				07F155801E5C5EE600D2127E /* bigBoard.png */,
				07F155811E5C5EE600D2127E /* plaque.png */,
				0784C8E71E5DB801007A1D1C /* board.png */,
			);
			name = Backgrounds;
			sourceTree = "<group>";
		};
		07F1558C1E5C6F6A00D2127E /* WormGame */ = {
			isa = PBXGroup;
			children = (
				077D5B921E5C722A0016EBFC /* NumbersBody */,
				07F1558D1E5C6F7400D2127E /* WormBody */,
			);
			name = WormGame;
			sourceTree = "<group>";
		};
		07F1558D1E5C6F7400D2127E /* WormBody */ = {
			isa = PBXGroup;
			children = (
				07E37BFD1E60E1040069ECBE /* body1.png */,
				07E37BFE1E60E1040069ECBE /* body2.png */,
				07E37C091E60E1C30069ECBE /* head.png */,
				07E37BFF1E60E1040069ECBE /* body3.png */,
				07E37C001E60E1040069ECBE /* body4.png */,
				07E37C011E60E1040069ECBE /* body5.png */,
			);
			name = WormBody;
			sourceTree = "<group>";
		};
		07F5A54D1E63A22300A30AAB /* Sounds */ = {
			isa = PBXGroup;
			children = (
				F16BA4721E6850DA00DBDAA1 /* button click 2.wav */,
				F16BA4781E68594B00DBDAA1 /* button change 2.wav */,
				F16BA4791E68594B00DBDAA1 /* button click.wav */,
				F16BA4761E68579A00DBDAA1 /* button change.wav */,
				07F5A54E1E63A22A00A30AAB /* Numbers */,
			);
			name = Sounds;
			sourceTree = "<group>";
		};
		07F5A54E1E63A22A00A30AAB /* Numbers */ = {
			isa = PBXGroup;
			children = (
				07F5A5511E63A4B300A30AAB /* one.mp3 */,
				07F5A5531E63A4B300A30AAB /* two.mp3 */,
				07F5A5521E63A4B300A30AAB /* three.mp3 */,
				07F5A5501E63A4B300A30AAB /* four.mp3 */,
				07F5A54F1E63A4B300A30AAB /* five.mp3 */,
			);
			name = Numbers;
			sourceTree = "<group>";
		};
		07FF3F491E51E44C00625748 = {
			isa = PBXGroup;
			children = (
				07FF3F541E51E44C00625748 /* LousaDigital */,
				07FF3F6E1E51E44C00625748 /* LousaDigitalTests */,
				07FF3F791E51E44C00625748 /* LousaDigitalUITests */,
				07FF3F531E51E44C00625748 /* Products */,
			);
			sourceTree = "<group>";
		};
		07FF3F531E51E44C00625748 /* Products */ = {
			isa = PBXGroup;
			children = (
				07FF3F521E51E44C00625748 /* LousaDigital.app */,
				07FF3F6B1E51E44C00625748 /* LousaDigitalTests.xctest */,
				07FF3F761E51E44C00625748 /* LousaDigitalUITests.xctest */,
			);
			name = Products;
			sourceTree = "<group>";
		};
		07FF3F541E51E44C00625748 /* LousaDigital */ = {
			isa = PBXGroup;
			children = (
				07F5A54D1E63A22300A30AAB /* Sounds */,
				07FF3F551E51E44C00625748 /* AppDelegate.swift */,
				07FF3F5F1E51E44C00625748 /* GameViewController.swift */,
				F10EF3F81E54D8FD0047EC7F /* Menu UIKit */,
				07C66B6A1E54A1EC00E5A818 /* Managers */,
				07C66B691E54A1C800E5A818 /* Scenes */,
				0712ECBC1E537C990026AF80 /* Arts */,
				0753ED241E62683B00504F31 /* Extensions */,
				07EE6CAB1E59BCEB005EFB78 /* Particles */,
				07FF3F591E51E44C00625748 /* Actions.sks */,
				07FF3F5B1E51E44C00625748 /* Game.xcassets */,
				07FF3F5D1E51E44C00625748 /* GameScene.swift */,
				07FF3F611E51E44C00625748 /* Main.storyboard */,
				07FF3F641E51E44C00625748 /* Assets.xcassets */,
				07FF3F661E51E44C00625748 /* Info.plist */,
			);
			path = LousaDigital;
			sourceTree = "<group>";
		};
		07FF3F6E1E51E44C00625748 /* LousaDigitalTests */ = {
			isa = PBXGroup;
			children = (
				07FF3F6F1E51E44C00625748 /* LousaDigitalTests.swift */,
				07FF3F711E51E44C00625748 /* Info.plist */,
			);
			path = LousaDigitalTests;
			sourceTree = "<group>";
		};
		07FF3F791E51E44C00625748 /* LousaDigitalUITests */ = {
			isa = PBXGroup;
			children = (
				07FF3F7A1E51E44C00625748 /* LousaDigitalUITests.swift */,
				07FF3F7C1E51E44C00625748 /* Info.plist */,
			);
			path = LousaDigitalUITests;
			sourceTree = "<group>";
		};
		F10EF3F81E54D8FD0047EC7F /* Menu UIKit */ = {
			isa = PBXGroup;
			children = (
				F1699B9E1E5486D60022208D /* MenuRow.swift */,
				F1699B9D1E5486D60022208D /* MenuCollectionViewCell.swift */,
				F10EF3F61E54D7EA0047EC7F /* MenuViewController.swift */,
			);
			name = "Menu UIKit";
			sourceTree = "<group>";
		};
/* End PBXGroup section */

/* Begin PBXNativeTarget section */
		07FF3F511E51E44C00625748 /* LousaDigital */ = {
			isa = PBXNativeTarget;
			buildConfigurationList = 07FF3F7F1E51E44C00625748 /* Build configuration list for PBXNativeTarget "LousaDigital" */;
			buildPhases = (
				07FF3F4E1E51E44C00625748 /* Sources */,
				07FF3F4F1E51E44C00625748 /* Frameworks */,
				07FF3F501E51E44C00625748 /* Resources */,
			);
			buildRules = (
			);
			dependencies = (
			);
			name = LousaDigital;
			productName = LousaDigital;
			productReference = 07FF3F521E51E44C00625748 /* LousaDigital.app */;
			productType = "com.apple.product-type.application";
		};
		07FF3F6A1E51E44C00625748 /* LousaDigitalTests */ = {
			isa = PBXNativeTarget;
			buildConfigurationList = 07FF3F821E51E44C00625748 /* Build configuration list for PBXNativeTarget "LousaDigitalTests" */;
			buildPhases = (
				07FF3F671E51E44C00625748 /* Sources */,
				07FF3F681E51E44C00625748 /* Frameworks */,
				07FF3F691E51E44C00625748 /* Resources */,
			);
			buildRules = (
			);
			dependencies = (
				07FF3F6D1E51E44C00625748 /* PBXTargetDependency */,
			);
			name = LousaDigitalTests;
			productName = LousaDigitalTests;
			productReference = 07FF3F6B1E51E44C00625748 /* LousaDigitalTests.xctest */;
			productType = "com.apple.product-type.bundle.unit-test";
		};
		07FF3F751E51E44C00625748 /* LousaDigitalUITests */ = {
			isa = PBXNativeTarget;
			buildConfigurationList = 07FF3F851E51E44C00625748 /* Build configuration list for PBXNativeTarget "LousaDigitalUITests" */;
			buildPhases = (
				07FF3F721E51E44C00625748 /* Sources */,
				07FF3F731E51E44C00625748 /* Frameworks */,
				07FF3F741E51E44C00625748 /* Resources */,
			);
			buildRules = (
			);
			dependencies = (
				07FF3F781E51E44C00625748 /* PBXTargetDependency */,
			);
			name = LousaDigitalUITests;
			productName = LousaDigitalUITests;
			productReference = 07FF3F761E51E44C00625748 /* LousaDigitalUITests.xctest */;
			productType = "com.apple.product-type.bundle.ui-testing";
		};
/* End PBXNativeTarget section */

/* Begin PBXProject section */
		07FF3F4A1E51E44C00625748 /* Project object */ = {
			isa = PBXProject;
			attributes = {
				LastSwiftUpdateCheck = 0810;
				LastUpgradeCheck = 0810;
				ORGANIZATIONNAME = "Renata Gondim Andrade Theóphilo";
				TargetAttributes = {
					07FF3F511E51E44C00625748 = {
						CreatedOnToolsVersion = 8.1;
						DevelopmentTeam = B8R742385D;
						ProvisioningStyle = Automatic;
					};
					07FF3F6A1E51E44C00625748 = {
						CreatedOnToolsVersion = 8.1;
						DevelopmentTeam = B8R742385D;
						ProvisioningStyle = Automatic;
						TestTargetID = 07FF3F511E51E44C00625748;
					};
					07FF3F751E51E44C00625748 = {
						CreatedOnToolsVersion = 8.1;
						DevelopmentTeam = B8R742385D;
						ProvisioningStyle = Automatic;
						TestTargetID = 07FF3F511E51E44C00625748;
					};
				};
			};
			buildConfigurationList = 07FF3F4D1E51E44C00625748 /* Build configuration list for PBXProject "LousaDigital" */;
			compatibilityVersion = "Xcode 3.2";
			developmentRegion = English;
			hasScannedForEncodings = 0;
			knownRegions = (
				en,
				Base,
			);
			mainGroup = 07FF3F491E51E44C00625748;
			productRefGroup = 07FF3F531E51E44C00625748 /* Products */;
			projectDirPath = "";
			projectRoot = "";
			targets = (
				07FF3F511E51E44C00625748 /* LousaDigital */,
				07FF3F6A1E51E44C00625748 /* LousaDigitalTests */,
				07FF3F751E51E44C00625748 /* LousaDigitalUITests */,
			);
		};
/* End PBXProject section */

/* Begin PBXResourcesBuildPhase section */
		07FF3F501E51E44C00625748 /* Resources */ = {
			isa = PBXResourcesBuildPhase;
			buildActionMask = 2147483647;
			files = (
				07EE6CA31E59B562005EFB78 /* shadowNumber1.png in Resources */,
				07EE6CA61E59B562005EFB78 /* shadowNumber5.png in Resources */,
				07E37BE51E60D5860069ECBE /* greenPencil.png in Resources */,
				077D5B991E5C726F0016EBFC /* numberBody2.png in Resources */,
				C6A374E41E5B29D5000DB97F /* petit.png in Resources */,
				075666BB1E5A555F0009FE7A /* number1.png in Resources */,
				0734C0031E5718B100C1FC4B /* object3.png in Resources */,
				07E37BF31E60D5A90069ECBE /* green.png in Resources */,
				0734C00E1E5718C300C1FC4B /* shadow4.png in Resources */,
				07DD16981E5F2B2E00A46084 /* owlBeak.png in Resources */,
				0734C00B1E5718C300C1FC4B /* shadow1.png in Resources */,
				077D5B9C1E5C726F0016EBFC /* numberBody5.png in Resources */,
				075666B31E5A41200009FE7A /* shadowNumber2.png in Resources */,
				0734C0041E5718B100C1FC4B /* object4.png in Resources */,
				0734C0021E5718B100C1FC4B /* object2.png in Resources */,
				F16BA47A1E68594B00DBDAA1 /* button change 2.wav in Resources */,
				07F155871E5C6C4C00D2127E /* WormGame.sks in Resources */,
				07FF3F581E51E44C00625748 /* GameScene.sks in Resources */,
				0783525B1E6489B800FF0E65 /* eye3.png in Resources */,
				078352551E64879700FF0E65 /* eye1.png in Resources */,
				077D5B9B1E5C726F0016EBFC /* numberBody4.png in Resources */,
				07EE6CAD1E59BDE1005EFB78 /* star_test.png in Resources */,
				07E37C031E60E1040069ECBE /* body2.png in Resources */,
				078352501E64877600FF0E65 /* owlBody.png in Resources */,
				07E37BEA1E60D5860069ECBE /* yellowPencil.png in Resources */,
				07E37C041E60E1040069ECBE /* body3.png in Resources */,
				07FF3F5A1E51E44C00625748 /* Actions.sks in Resources */,
				07FE06F91E62FDC900308721 /* emitter_snow.sks in Resources */,
				07DD16991E5F2B2E00A46084 /* owlFoot.png in Resources */,
				07F155841E5C5EE600D2127E /* plaque.png in Resources */,
				0783525A1E6489B800FF0E65 /* eye2.png in Resources */,
				07F5A5541E63A4B300A30AAB /* five.mp3 in Resources */,
				07DEA58C1E539071007F4EEC /* CountingGame.sks in Resources */,
				075666B11E5A41180009FE7A /* number2.png in Resources */,
				F16972C51E5E085500B3F196 /* NumbersGame.sks in Resources */,
				0734C0181E5718D300C1FC4B /* letter4.png in Resources */,
				07E37BE61E60D5860069ECBE /* orangePencil.png in Resources */,
				07E37BF51E60D5A90069ECBE /* pink.png in Resources */,
				07E37C061E60E1040069ECBE /* body5.png in Resources */,
				0734C0011E5718B100C1FC4B /* object1.png in Resources */,
				07F5A5571E63A4B300A30AAB /* three.mp3 in Resources */,
				07EE6CA51E59B562005EFB78 /* shadowNumber4.png in Resources */,
				07E37BF41E60D5A90069ECBE /* orange.png in Resources */,
				0734C0051E5718B100C1FC4B /* object5.png in Resources */,
				07E37C051E60E1040069ECBE /* body4.png in Resources */,
				077D5B981E5C726F0016EBFC /* numberBody1.png in Resources */,
				07EE6CA41E59B562005EFB78 /* shadowNumber3.png in Resources */,
				0734C0161E5718D300C1FC4B /* letter2.png in Resources */,
				07FF3F5C1E51E44C00625748 /* Game.xcassets in Resources */,
				07E37C0A1E60E1C30069ECBE /* head.png in Resources */,
				07C66B461E54758C00E5A818 /* MatchingGame.sks in Resources */,
				07E37C021E60E1040069ECBE /* body1.png in Resources */,
				07E37BE41E60D5860069ECBE /* bluePencil.png in Resources */,
				0734C00D1E5718C300C1FC4B /* shadow3.png in Resources */,
				07EE6C9E1E59B504005EFB78 /* number5.png in Resources */,
				077D5B9A1E5C726F0016EBFC /* numberBody3.png in Resources */,
				0734C00C1E5718C300C1FC4B /* shadow2.png in Resources */,
				07C0B11C1E5785FD001C6733 /* Menu.sks in Resources */,
				07E37BF71E60D5A90069ECBE /* red.png in Resources */,
				F16BA4751E6853C300DBDAA1 /* color_thumbnails.png in Resources */,
				07E37BF21E60D5A90069ECBE /* blue.png in Resources */,
				07E37BE91E60D5860069ECBE /* redPencil.png in Resources */,
				07EE6CAA1E59BCDD005EFB78 /* emitter_stars.sks in Resources */,
				07E37BF81E60D5A90069ECBE /* yellow.png in Resources */,
				0784C8E81E5DB801007A1D1C /* board.png in Resources */,
				07E37BF61E60D5A90069ECBE /* purple.png in Resources */,
				07E37BE71E60D5860069ECBE /* pinkPencil.png in Resources */,
				F16BA4771E68579A00DBDAA1 /* button change.wav in Resources */,
				07EE6C9D1E59B504005EFB78 /* number4.png in Resources */,
				07F155831E5C5EE600D2127E /* bigBoard.png in Resources */,
				07F5A5551E63A4B300A30AAB /* four.mp3 in Resources */,
				0734C0171E5718D300C1FC4B /* letter3.png in Resources */,
				0734C01E1E57211200C1FC4B /* EndGame.sks in Resources */,
				07CB5F651E64920200DE42D6 /* wingClosed.png in Resources */,
				07CB5F661E64920200DE42D6 /* wingLeft.png in Resources */,
				07FF3F631E51E44C00625748 /* Main.storyboard in Resources */,
				07FE06FB1E63029200308721 /* spark.png in Resources */,
				F16BA4731E6850DA00DBDAA1 /* button click 2.wav in Resources */,
				F16BA47B1E68594B00DBDAA1 /* button click.wav in Resources */,
				0734C0201E5721A700C1FC4B /* homeBtn.png in Resources */,
				07CB5F691E64956400DE42D6 /* wingClosedR.png in Resources */,
				0734C00F1E5718C300C1FC4B /* shadow5.png in Resources */,
				07F5A5561E63A4B300A30AAB /* one.mp3 in Resources */,
				07EE6C9C1E59B504005EFB78 /* number3.png in Resources */,
				07FF3F651E51E44C00625748 /* Assets.xcassets in Resources */,
				0734C0151E5718D300C1FC4B /* letter1.png in Resources */,
				07E37BE81E60D5860069ECBE /* purplePencil.png in Resources */,
				07F5A5581E63A4B300A30AAB /* two.mp3 in Resources */,
				F16972C71E5E086000B3F196 /* ColorsGame.sks in Resources */,
				0734C0221E5721E100C1FC4B /* restartBtn.png in Resources */,
				0734C0191E5718D300C1FC4B /* letter5.png in Resources */,
				07CB5F671E64920200DE42D6 /* wingRight.png in Resources */,
				F1D0740A1E5DD9AC0024933D /* LettersGame.sks in Resources */,
			);
			runOnlyForDeploymentPostprocessing = 0;
		};
		07FF3F691E51E44C00625748 /* Resources */ = {
			isa = PBXResourcesBuildPhase;
			buildActionMask = 2147483647;
			files = (
			);
			runOnlyForDeploymentPostprocessing = 0;
		};
		07FF3F741E51E44C00625748 /* Resources */ = {
			isa = PBXResourcesBuildPhase;
			buildActionMask = 2147483647;
			files = (
			);
			runOnlyForDeploymentPostprocessing = 0;
		};
/* End PBXResourcesBuildPhase section */

/* Begin PBXSourcesBuildPhase section */
		07FF3F4E1E51E44C00625748 /* Sources */ = {
			isa = PBXSourcesBuildPhase;
			buildActionMask = 2147483647;
			files = (
				07FF3F5E1E51E44C00625748 /* GameScene.swift in Sources */,
				078CCEE41E61ED9800E99544 /* ActivityScene.swift in Sources */,
				F1699B9F1E5486D60022208D /* MenuCollectionViewCell.swift in Sources */,
				F16972C91E5E0A0F00B3F196 /* NumbersGame.swift in Sources */,
				07FF3F601E51E44C00625748 /* GameViewController.swift in Sources */,
				07C66B441E54757D00E5A818 /* MatchingGame.swift in Sources */,
				C6986D011E5C658500BBE73D /* SoundManager.swift in Sources */,
				F1D0740C1E5DDB290024933D /* LettersGame.swift in Sources */,
				F10EF3F71E54D7EA0047EC7F /* MenuViewController.swift in Sources */,
				07C0B11E1E57868B001C6733 /* Menu.swift in Sources */,
				C6A374E61E5B2A44000DB97F /* VoiceManager.swift in Sources */,
				07FF3F561E51E44C00625748 /* AppDelegate.swift in Sources */,
				F1699BA01E5486D60022208D /* MenuRow.swift in Sources */,
				07DEA58E1E539115007F4EEC /* CountingGame.swift in Sources */,
				07E37BFA1E60D8880069ECBE /* ColorsGame.swift in Sources */,
				07FF3F891E51E55500625748 /* Button.swift in Sources */,
				0734C0241E57225900C1FC4B /* EndGame.swift in Sources */,
				07F1558B1E5C6C8F00D2127E /* WormGame.swift in Sources */,
				0753ED261E62685300504F31 /* StringExtensions.swift in Sources */,
			);
			runOnlyForDeploymentPostprocessing = 0;
		};
		07FF3F671E51E44C00625748 /* Sources */ = {
			isa = PBXSourcesBuildPhase;
			buildActionMask = 2147483647;
			files = (
				07FF3F701E51E44C00625748 /* LousaDigitalTests.swift in Sources */,
			);
			runOnlyForDeploymentPostprocessing = 0;
		};
		07FF3F721E51E44C00625748 /* Sources */ = {
			isa = PBXSourcesBuildPhase;
			buildActionMask = 2147483647;
			files = (
				07FF3F7B1E51E44C00625748 /* LousaDigitalUITests.swift in Sources */,
			);
			runOnlyForDeploymentPostprocessing = 0;
		};
/* End PBXSourcesBuildPhase section */

/* Begin PBXTargetDependency section */
		07FF3F6D1E51E44C00625748 /* PBXTargetDependency */ = {
			isa = PBXTargetDependency;
			target = 07FF3F511E51E44C00625748 /* LousaDigital */;
			targetProxy = 07FF3F6C1E51E44C00625748 /* PBXContainerItemProxy */;
		};
		07FF3F781E51E44C00625748 /* PBXTargetDependency */ = {
			isa = PBXTargetDependency;
			target = 07FF3F511E51E44C00625748 /* LousaDigital */;
			targetProxy = 07FF3F771E51E44C00625748 /* PBXContainerItemProxy */;
		};
/* End PBXTargetDependency section */

/* Begin PBXVariantGroup section */
		07FF3F611E51E44C00625748 /* Main.storyboard */ = {
			isa = PBXVariantGroup;
			children = (
				07FF3F621E51E44C00625748 /* Base */,
			);
			name = Main.storyboard;
			sourceTree = "<group>";
		};
/* End PBXVariantGroup section */

/* Begin XCBuildConfiguration section */
		07FF3F7D1E51E44C00625748 /* Debug */ = {
			isa = XCBuildConfiguration;
			buildSettings = {
				ALWAYS_SEARCH_USER_PATHS = NO;
				CLANG_ANALYZER_NONNULL = YES;
				CLANG_CXX_LANGUAGE_STANDARD = "gnu++0x";
				CLANG_CXX_LIBRARY = "libc++";
				CLANG_ENABLE_MODULES = YES;
				CLANG_ENABLE_OBJC_ARC = YES;
				CLANG_WARN_BOOL_CONVERSION = YES;
				CLANG_WARN_CONSTANT_CONVERSION = YES;
				CLANG_WARN_DIRECT_OBJC_ISA_USAGE = YES_ERROR;
				CLANG_WARN_DOCUMENTATION_COMMENTS = YES;
				CLANG_WARN_EMPTY_BODY = YES;
				CLANG_WARN_ENUM_CONVERSION = YES;
				CLANG_WARN_INFINITE_RECURSION = YES;
				CLANG_WARN_INT_CONVERSION = YES;
				CLANG_WARN_OBJC_ROOT_CLASS = YES_ERROR;
				CLANG_WARN_SUSPICIOUS_MOVES = YES;
				CLANG_WARN_UNREACHABLE_CODE = YES;
				CLANG_WARN__DUPLICATE_METHOD_MATCH = YES;
				COPY_PHASE_STRIP = NO;
				DEBUG_INFORMATION_FORMAT = dwarf;
				ENABLE_STRICT_OBJC_MSGSEND = YES;
				ENABLE_TESTABILITY = YES;
				GCC_C_LANGUAGE_STANDARD = gnu99;
				GCC_DYNAMIC_NO_PIC = NO;
				GCC_NO_COMMON_BLOCKS = YES;
				GCC_OPTIMIZATION_LEVEL = 0;
				GCC_PREPROCESSOR_DEFINITIONS = (
					"DEBUG=1",
					"$(inherited)",
				);
				GCC_WARN_64_TO_32_BIT_CONVERSION = YES;
				GCC_WARN_ABOUT_RETURN_TYPE = YES_ERROR;
				GCC_WARN_UNDECLARED_SELECTOR = YES;
				GCC_WARN_UNINITIALIZED_AUTOS = YES_AGGRESSIVE;
				GCC_WARN_UNUSED_FUNCTION = YES;
				GCC_WARN_UNUSED_VARIABLE = YES;
				MTL_ENABLE_DEBUG_INFO = YES;
				ONLY_ACTIVE_ARCH = YES;
				SDKROOT = appletvos;
				SWIFT_ACTIVE_COMPILATION_CONDITIONS = DEBUG;
				SWIFT_OPTIMIZATION_LEVEL = "-Onone";
				TARGETED_DEVICE_FAMILY = 3;
				TVOS_DEPLOYMENT_TARGET = 10.0;
			};
			name = Debug;
		};
		07FF3F7E1E51E44C00625748 /* Release */ = {
			isa = XCBuildConfiguration;
			buildSettings = {
				ALWAYS_SEARCH_USER_PATHS = NO;
				CLANG_ANALYZER_NONNULL = YES;
				CLANG_CXX_LANGUAGE_STANDARD = "gnu++0x";
				CLANG_CXX_LIBRARY = "libc++";
				CLANG_ENABLE_MODULES = YES;
				CLANG_ENABLE_OBJC_ARC = YES;
				CLANG_WARN_BOOL_CONVERSION = YES;
				CLANG_WARN_CONSTANT_CONVERSION = YES;
				CLANG_WARN_DIRECT_OBJC_ISA_USAGE = YES_ERROR;
				CLANG_WARN_DOCUMENTATION_COMMENTS = YES;
				CLANG_WARN_EMPTY_BODY = YES;
				CLANG_WARN_ENUM_CONVERSION = YES;
				CLANG_WARN_INFINITE_RECURSION = YES;
				CLANG_WARN_INT_CONVERSION = YES;
				CLANG_WARN_OBJC_ROOT_CLASS = YES_ERROR;
				CLANG_WARN_SUSPICIOUS_MOVES = YES;
				CLANG_WARN_UNREACHABLE_CODE = YES;
				CLANG_WARN__DUPLICATE_METHOD_MATCH = YES;
				COPY_PHASE_STRIP = NO;
				DEBUG_INFORMATION_FORMAT = "dwarf-with-dsym";
				ENABLE_NS_ASSERTIONS = NO;
				ENABLE_STRICT_OBJC_MSGSEND = YES;
				GCC_C_LANGUAGE_STANDARD = gnu99;
				GCC_NO_COMMON_BLOCKS = YES;
				GCC_WARN_64_TO_32_BIT_CONVERSION = YES;
				GCC_WARN_ABOUT_RETURN_TYPE = YES_ERROR;
				GCC_WARN_UNDECLARED_SELECTOR = YES;
				GCC_WARN_UNINITIALIZED_AUTOS = YES_AGGRESSIVE;
				GCC_WARN_UNUSED_FUNCTION = YES;
				GCC_WARN_UNUSED_VARIABLE = YES;
				MTL_ENABLE_DEBUG_INFO = NO;
				SDKROOT = appletvos;
				SWIFT_OPTIMIZATION_LEVEL = "-Owholemodule";
				TARGETED_DEVICE_FAMILY = 3;
				TVOS_DEPLOYMENT_TARGET = 10.0;
				VALIDATE_PRODUCT = YES;
			};
			name = Release;
		};
		07FF3F801E51E44C00625748 /* Debug */ = {
			isa = XCBuildConfiguration;
			buildSettings = {
				ASSETCATALOG_COMPILER_APPICON_NAME = "App Icon & Top Shelf Image";
				ASSETCATALOG_COMPILER_LAUNCHIMAGE_NAME = LaunchImage;
				DEVELOPMENT_TEAM = B8R742385D;
				INFOPLIST_FILE = LousaDigital/Info.plist;
				LD_RUNPATH_SEARCH_PATHS = "$(inherited) @executable_path/Frameworks";
				PRODUCT_BUNDLE_IDENTIFIER = bepid.LousaDigital;
				PRODUCT_NAME = "$(TARGET_NAME)";
				SWIFT_VERSION = 3.0;
			};
			name = Debug;
		};
		07FF3F811E51E44C00625748 /* Release */ = {
			isa = XCBuildConfiguration;
			buildSettings = {
				ASSETCATALOG_COMPILER_APPICON_NAME = "App Icon & Top Shelf Image";
				ASSETCATALOG_COMPILER_LAUNCHIMAGE_NAME = LaunchImage;
				DEVELOPMENT_TEAM = B8R742385D;
				INFOPLIST_FILE = LousaDigital/Info.plist;
				LD_RUNPATH_SEARCH_PATHS = "$(inherited) @executable_path/Frameworks";
				PRODUCT_BUNDLE_IDENTIFIER = bepid.LousaDigital;
				PRODUCT_NAME = "$(TARGET_NAME)";
				SWIFT_VERSION = 3.0;
			};
			name = Release;
		};
		07FF3F831E51E44C00625748 /* Debug */ = {
			isa = XCBuildConfiguration;
			buildSettings = {
				ALWAYS_EMBED_SWIFT_STANDARD_LIBRARIES = YES;
				BUNDLE_LOADER = "$(TEST_HOST)";
				DEVELOPMENT_TEAM = B8R742385D;
				INFOPLIST_FILE = LousaDigitalTests/Info.plist;
				LD_RUNPATH_SEARCH_PATHS = "$(inherited) @executable_path/Frameworks @loader_path/Frameworks";
				PRODUCT_BUNDLE_IDENTIFIER = bepid.LousaDigitalTests;
				PRODUCT_NAME = "$(TARGET_NAME)";
				SWIFT_VERSION = 3.0;
				TEST_HOST = "$(BUILT_PRODUCTS_DIR)/LousaDigital.app/LousaDigital";
			};
			name = Debug;
		};
		07FF3F841E51E44C00625748 /* Release */ = {
			isa = XCBuildConfiguration;
			buildSettings = {
				ALWAYS_EMBED_SWIFT_STANDARD_LIBRARIES = YES;
				BUNDLE_LOADER = "$(TEST_HOST)";
				DEVELOPMENT_TEAM = B8R742385D;
				INFOPLIST_FILE = LousaDigitalTests/Info.plist;
				LD_RUNPATH_SEARCH_PATHS = "$(inherited) @executable_path/Frameworks @loader_path/Frameworks";
				PRODUCT_BUNDLE_IDENTIFIER = bepid.LousaDigitalTests;
				PRODUCT_NAME = "$(TARGET_NAME)";
				SWIFT_VERSION = 3.0;
				TEST_HOST = "$(BUILT_PRODUCTS_DIR)/LousaDigital.app/LousaDigital";
			};
			name = Release;
		};
		07FF3F861E51E44C00625748 /* Debug */ = {
			isa = XCBuildConfiguration;
			buildSettings = {
				ALWAYS_EMBED_SWIFT_STANDARD_LIBRARIES = YES;
				DEVELOPMENT_TEAM = B8R742385D;
				INFOPLIST_FILE = LousaDigitalUITests/Info.plist;
				LD_RUNPATH_SEARCH_PATHS = "$(inherited) @executable_path/Frameworks @loader_path/Frameworks";
				PRODUCT_BUNDLE_IDENTIFIER = bepid.LousaDigitalUITests;
				PRODUCT_NAME = "$(TARGET_NAME)";
				SWIFT_VERSION = 3.0;
				TEST_TARGET_NAME = LousaDigital;
			};
			name = Debug;
		};
		07FF3F871E51E44C00625748 /* Release */ = {
			isa = XCBuildConfiguration;
			buildSettings = {
				ALWAYS_EMBED_SWIFT_STANDARD_LIBRARIES = YES;
				DEVELOPMENT_TEAM = B8R742385D;
				INFOPLIST_FILE = LousaDigitalUITests/Info.plist;
				LD_RUNPATH_SEARCH_PATHS = "$(inherited) @executable_path/Frameworks @loader_path/Frameworks";
				PRODUCT_BUNDLE_IDENTIFIER = bepid.LousaDigitalUITests;
				PRODUCT_NAME = "$(TARGET_NAME)";
				SWIFT_VERSION = 3.0;
				TEST_TARGET_NAME = LousaDigital;
			};
			name = Release;
		};
/* End XCBuildConfiguration section */

/* Begin XCConfigurationList section */
		07FF3F4D1E51E44C00625748 /* Build configuration list for PBXProject "LousaDigital" */ = {
			isa = XCConfigurationList;
			buildConfigurations = (
				07FF3F7D1E51E44C00625748 /* Debug */,
				07FF3F7E1E51E44C00625748 /* Release */,
			);
			defaultConfigurationIsVisible = 0;
			defaultConfigurationName = Release;
		};
		07FF3F7F1E51E44C00625748 /* Build configuration list for PBXNativeTarget "LousaDigital" */ = {
			isa = XCConfigurationList;
			buildConfigurations = (
				07FF3F801E51E44C00625748 /* Debug */,
				07FF3F811E51E44C00625748 /* Release */,
			);
			defaultConfigurationIsVisible = 0;
			defaultConfigurationName = Release;
		};
		07FF3F821E51E44C00625748 /* Build configuration list for PBXNativeTarget "LousaDigitalTests" */ = {
			isa = XCConfigurationList;
			buildConfigurations = (
				07FF3F831E51E44C00625748 /* Debug */,
				07FF3F841E51E44C00625748 /* Release */,
			);
			defaultConfigurationIsVisible = 0;
			defaultConfigurationName = Release;
		};
		07FF3F851E51E44C00625748 /* Build configuration list for PBXNativeTarget "LousaDigitalUITests" */ = {
			isa = XCConfigurationList;
			buildConfigurations = (
				07FF3F861E51E44C00625748 /* Debug */,
				07FF3F871E51E44C00625748 /* Release */,
			);
			defaultConfigurationIsVisible = 0;
			defaultConfigurationName = Release;
		};
/* End XCConfigurationList section */
	};
	rootObject = 07FF3F4A1E51E44C00625748 /* Project object */;
}
